// !$*UTF8*$!
{
	archiveVersion = 1;
	classes = {
	};
	objectVersion = 46;
	objects = {

/* Begin PBXBuildFile section */
		2335E9EA1CE2085A003E815B /* PAPConstants.swift in Sources */ = {isa = PBXBuildFile; fileRef = 2335E9E61CE2085A003E815B /* PAPConstants.swift */; };
		2335E9EB1CE2085A003E815B /* PAPConstants.swift in Sources */ = {isa = PBXBuildFile; fileRef = 2335E9E61CE2085A003E815B /* PAPConstants.swift */; };
		2335E9EC1CE2085A003E815B /* PAPConstants.swift in Sources */ = {isa = PBXBuildFile; fileRef = 2335E9E61CE2085A003E815B /* PAPConstants.swift */; };
		2335E9ED1CE2085A003E815B /* PAPUtility.swift in Sources */ = {isa = PBXBuildFile; fileRef = 2335E9E71CE2085A003E815B /* PAPUtility.swift */; };
		2335E9EE1CE2085A003E815B /* PAPUtility.swift in Sources */ = {isa = PBXBuildFile; fileRef = 2335E9E71CE2085A003E815B /* PAPUtility.swift */; };
		2335E9EF1CE2085A003E815B /* PAPUtility.swift in Sources */ = {isa = PBXBuildFile; fileRef = 2335E9E71CE2085A003E815B /* PAPUtility.swift */; };
		2335E9F01CE2085A003E815B /* PAPCache.swift in Sources */ = {isa = PBXBuildFile; fileRef = 2335E9E81CE2085A003E815B /* PAPCache.swift */; };
		2335E9F11CE2085A003E815B /* PAPCache.swift in Sources */ = {isa = PBXBuildFile; fileRef = 2335E9E81CE2085A003E815B /* PAPCache.swift */; };
		2335E9F21CE2085A003E815B /* PAPCache.swift in Sources */ = {isa = PBXBuildFile; fileRef = 2335E9E81CE2085A003E815B /* PAPCache.swift */; };
		2335E9F31CE2085A003E815B /* Reachability.swift in Sources */ = {isa = PBXBuildFile; fileRef = 2335E9E91CE2085A003E815B /* Reachability.swift */; };
		2335E9F41CE2085A003E815B /* Reachability.swift in Sources */ = {isa = PBXBuildFile; fileRef = 2335E9E91CE2085A003E815B /* Reachability.swift */; };
		2335E9F51CE2085A003E815B /* Reachability.swift in Sources */ = {isa = PBXBuildFile; fileRef = 2335E9E91CE2085A003E815B /* Reachability.swift */; };
		234D7DF71CE185F5004D06BE /* Accounts.framework in Frameworks */ = {isa = PBXBuildFile; fileRef = 234D7DF61CE185F5004D06BE /* Accounts.framework */; };
		234D7DF91CE185FF004D06BE /* Social.framework in Frameworks */ = {isa = PBXBuildFile; fileRef = 234D7DF81CE185FF004D06BE /* Social.framework */; };
		23593D221CDF5824007686E9 /* AppDelegate.swift in Sources */ = {isa = PBXBuildFile; fileRef = 23593D211CDF5824007686E9 /* AppDelegate.swift */; };
		23593D241CDF5824007686E9 /* ViewController.swift in Sources */ = {isa = PBXBuildFile; fileRef = 23593D231CDF5824007686E9 /* ViewController.swift */; };
		23593D271CDF5824007686E9 /* Main.storyboard in Resources */ = {isa = PBXBuildFile; fileRef = 23593D251CDF5824007686E9 /* Main.storyboard */; };
		23593D291CDF5824007686E9 /* Assets.xcassets in Resources */ = {isa = PBXBuildFile; fileRef = 23593D281CDF5824007686E9 /* Assets.xcassets */; };
		23593D2C1CDF5824007686E9 /* LaunchScreen.storyboard in Resources */ = {isa = PBXBuildFile; fileRef = 23593D2A1CDF5824007686E9 /* LaunchScreen.storyboard */; };
		23593D371CDF5824007686E9 /* appTests.swift in Sources */ = {isa = PBXBuildFile; fileRef = 23593D361CDF5824007686E9 /* appTests.swift */; };
		23593D421CDF5824007686E9 /* appUITests.swift in Sources */ = {isa = PBXBuildFile; fileRef = 23593D411CDF5824007686E9 /* appUITests.swift */; };
		23593D521CDF58CC007686E9 /* Bolts.framework in Frameworks */ = {isa = PBXBuildFile; fileRef = 23593D501CDF58CC007686E9 /* Bolts.framework */; };
		23593D531CDF58CC007686E9 /* Bolts.framework in Frameworks */ = {isa = PBXBuildFile; fileRef = 23593D501CDF58CC007686E9 /* Bolts.framework */; };
		23593D541CDF58CC007686E9 /* Bolts.framework in Frameworks */ = {isa = PBXBuildFile; fileRef = 23593D501CDF58CC007686E9 /* Bolts.framework */; };
		23593D551CDF58CC007686E9 /* Parse.framework in Frameworks */ = {isa = PBXBuildFile; fileRef = 23593D511CDF58CC007686E9 /* Parse.framework */; };
		23593D561CDF58CC007686E9 /* Parse.framework in Frameworks */ = {isa = PBXBuildFile; fileRef = 23593D511CDF58CC007686E9 /* Parse.framework */; };
		23593D571CDF58CC007686E9 /* Parse.framework in Frameworks */ = {isa = PBXBuildFile; fileRef = 23593D511CDF58CC007686E9 /* Parse.framework */; };
		23593D5D1CDF5D07007686E9 /* Login.storyboard in Resources */ = {isa = PBXBuildFile; fileRef = 23593D5C1CDF5D07007686E9 /* Login.storyboard */; };
		23593D5E1CDF5D07007686E9 /* Login.storyboard in Resources */ = {isa = PBXBuildFile; fileRef = 23593D5C1CDF5D07007686E9 /* Login.storyboard */; };
		23593D5F1CDF5D07007686E9 /* Login.storyboard in Resources */ = {isa = PBXBuildFile; fileRef = 23593D5C1CDF5D07007686E9 /* Login.storyboard */; };
		23593D611CDF5D65007686E9 /* WellcomeViewController.swift in Sources */ = {isa = PBXBuildFile; fileRef = 23593D601CDF5D65007686E9 /* WellcomeViewController.swift */; };
		23593D621CDF5D65007686E9 /* WellcomeViewController.swift in Sources */ = {isa = PBXBuildFile; fileRef = 23593D601CDF5D65007686E9 /* WellcomeViewController.swift */; };
		23593D631CDF5D65007686E9 /* WellcomeViewController.swift in Sources */ = {isa = PBXBuildFile; fileRef = 23593D601CDF5D65007686E9 /* WellcomeViewController.swift */; };
		23593D681CDF9292007686E9 /* cat.mp4 in Resources */ = {isa = PBXBuildFile; fileRef = 23593D661CDF9292007686E9 /* cat.mp4 */; };
		23593D691CDF9292007686E9 /* cat.mp4 in Resources */ = {isa = PBXBuildFile; fileRef = 23593D661CDF9292007686E9 /* cat.mp4 */; };
		23593D6A1CDF9292007686E9 /* cat.mp4 in Resources */ = {isa = PBXBuildFile; fileRef = 23593D661CDF9292007686E9 /* cat.mp4 */; };
		23593D6B1CDF9292007686E9 /* dog.mp4 in Resources */ = {isa = PBXBuildFile; fileRef = 23593D671CDF9292007686E9 /* dog.mp4 */; };
		23593D6C1CDF9292007686E9 /* dog.mp4 in Resources */ = {isa = PBXBuildFile; fileRef = 23593D671CDF9292007686E9 /* dog.mp4 */; };
		23593D6D1CDF9292007686E9 /* dog.mp4 in Resources */ = {isa = PBXBuildFile; fileRef = 23593D671CDF9292007686E9 /* dog.mp4 */; };
		23593D731CDF9498007686E9 /* spotifyVideo.mp4 in Resources */ = {isa = PBXBuildFile; fileRef = 23593D721CDF9498007686E9 /* spotifyVideo.mp4 */; };
		23593D741CDF9498007686E9 /* spotifyVideo.mp4 in Resources */ = {isa = PBXBuildFile; fileRef = 23593D721CDF9498007686E9 /* spotifyVideo.mp4 */; };
		23593D751CDF9498007686E9 /* spotifyVideo.mp4 in Resources */ = {isa = PBXBuildFile; fileRef = 23593D721CDF9498007686E9 /* spotifyVideo.mp4 */; };
		237FD8C81CE0E79300C82E0E /* MyLogInViewController.swift in Sources */ = {isa = PBXBuildFile; fileRef = 237FD8C71CE0E79300C82E0E /* MyLogInViewController.swift */; };
		237FD8CA1CE0E8BE00C82E0E /* MySignUpViewController.swift in Sources */ = {isa = PBXBuildFile; fileRef = 237FD8C91CE0E8BE00C82E0E /* MySignUpViewController.swift */; };
		23DF39901CE1B00400395140 /* BarChartController.swift in Sources */ = {isa = PBXBuildFile; fileRef = 23DF398F1CE1B00400395140 /* BarChartController.swift */; };
		23DF39911CE1B00400395140 /* BarChartController.swift in Sources */ = {isa = PBXBuildFile; fileRef = 23DF398F1CE1B00400395140 /* BarChartController.swift */; };
		23DF39921CE1B00400395140 /* BarChartController.swift in Sources */ = {isa = PBXBuildFile; fileRef = 23DF398F1CE1B00400395140 /* BarChartController.swift */; };
		23DF39AE1CE1C5A100395140 /* ANDBackgroundChartView.m in Sources */ = {isa = PBXBuildFile; fileRef = 23DF39A21CE1C5A100395140 /* ANDBackgroundChartView.m */; };
		23DF39AF1CE1C5A100395140 /* ANDBackgroundChartView.m in Sources */ = {isa = PBXBuildFile; fileRef = 23DF39A21CE1C5A100395140 /* ANDBackgroundChartView.m */; };
		23DF39B01CE1C5A100395140 /* ANDBackgroundChartView.m in Sources */ = {isa = PBXBuildFile; fileRef = 23DF39A21CE1C5A100395140 /* ANDBackgroundChartView.m */; };
		23DF39B11CE1C5A100395140 /* ANDInternalLineChartView.m in Sources */ = {isa = PBXBuildFile; fileRef = 23DF39A41CE1C5A100395140 /* ANDInternalLineChartView.m */; };
		23DF39B21CE1C5A100395140 /* ANDInternalLineChartView.m in Sources */ = {isa = PBXBuildFile; fileRef = 23DF39A41CE1C5A100395140 /* ANDInternalLineChartView.m */; };
		23DF39B31CE1C5A100395140 /* ANDInternalLineChartView.m in Sources */ = {isa = PBXBuildFile; fileRef = 23DF39A41CE1C5A100395140 /* ANDInternalLineChartView.m */; };
		23DF39B41CE1C5A100395140 /* ANDLineChartView.m in Sources */ = {isa = PBXBuildFile; fileRef = 23DF39A61CE1C5A100395140 /* ANDLineChartView.m */; };
		23DF39B51CE1C5A100395140 /* ANDLineChartView.m in Sources */ = {isa = PBXBuildFile; fileRef = 23DF39A61CE1C5A100395140 /* ANDLineChartView.m */; };
		23DF39B61CE1C5A100395140 /* ANDLineChartView.m in Sources */ = {isa = PBXBuildFile; fileRef = 23DF39A61CE1C5A100395140 /* ANDLineChartView.m */; };
		23DF39B71CE1C5A100395140 /* JBBarChartView.m in Sources */ = {isa = PBXBuildFile; fileRef = 23DF39A91CE1C5A100395140 /* JBBarChartView.m */; };
		23DF39B81CE1C5A100395140 /* JBBarChartView.m in Sources */ = {isa = PBXBuildFile; fileRef = 23DF39A91CE1C5A100395140 /* JBBarChartView.m */; };
		23DF39B91CE1C5A100395140 /* JBBarChartView.m in Sources */ = {isa = PBXBuildFile; fileRef = 23DF39A91CE1C5A100395140 /* JBBarChartView.m */; };
		23DF39BA1CE1C5A100395140 /* JBChartView.m in Sources */ = {isa = PBXBuildFile; fileRef = 23DF39AB1CE1C5A100395140 /* JBChartView.m */; };
		23DF39BB1CE1C5A100395140 /* JBChartView.m in Sources */ = {isa = PBXBuildFile; fileRef = 23DF39AB1CE1C5A100395140 /* JBChartView.m */; };
		23DF39BC1CE1C5A100395140 /* JBChartView.m in Sources */ = {isa = PBXBuildFile; fileRef = 23DF39AB1CE1C5A100395140 /* JBChartView.m */; };
		23DF39BD1CE1C5A100395140 /* JBLineChartView.m in Sources */ = {isa = PBXBuildFile; fileRef = 23DF39AD1CE1C5A100395140 /* JBLineChartView.m */; };
		23DF39BE1CE1C5A100395140 /* JBLineChartView.m in Sources */ = {isa = PBXBuildFile; fileRef = 23DF39AD1CE1C5A100395140 /* JBLineChartView.m */; };
		23DF39BF1CE1C5A100395140 /* JBLineChartView.m in Sources */ = {isa = PBXBuildFile; fileRef = 23DF39AD1CE1C5A100395140 /* JBLineChartView.m */; };
		23DF39C11CE1C5F200395140 /* MegaTheme.swift in Sources */ = {isa = PBXBuildFile; fileRef = 23DF39C01CE1C5F200395140 /* MegaTheme.swift */; };
		23DF39C21CE1C5F200395140 /* MegaTheme.swift in Sources */ = {isa = PBXBuildFile; fileRef = 23DF39C01CE1C5F200395140 /* MegaTheme.swift */; };
		23DF39C31CE1C5F200395140 /* MegaTheme.swift in Sources */ = {isa = PBXBuildFile; fileRef = 23DF39C01CE1C5F200395140 /* MegaTheme.swift */; };
		23DF39CB1CE1C65400395140 /* ADVTabSegmentControl.swift in Sources */ = {isa = PBXBuildFile; fileRef = 23DF39CA1CE1C65400395140 /* ADVTabSegmentControl.swift */; };
		23DF39CC1CE1C65400395140 /* ADVTabSegmentControl.swift in Sources */ = {isa = PBXBuildFile; fileRef = 23DF39CA1CE1C65400395140 /* ADVTabSegmentControl.swift */; };
		23DF39CD1CE1C65400395140 /* ADVTabSegmentControl.swift in Sources */ = {isa = PBXBuildFile; fileRef = 23DF39CA1CE1C65400395140 /* ADVTabSegmentControl.swift */; };
		23DF39CF1CE1C65900395140 /* ADVSegmentedControl.swift in Sources */ = {isa = PBXBuildFile; fileRef = 23DF39CE1CE1C65900395140 /* ADVSegmentedControl.swift */; };
		23DF39D01CE1C65900395140 /* ADVSegmentedControl.swift in Sources */ = {isa = PBXBuildFile; fileRef = 23DF39CE1CE1C65900395140 /* ADVSegmentedControl.swift */; };
		23DF39D11CE1C65900395140 /* ADVSegmentedControl.swift in Sources */ = {isa = PBXBuildFile; fileRef = 23DF39CE1CE1C65900395140 /* ADVSegmentedControl.swift */; };
		23DF39D41CE1C65F00395140 /* ADVProgressControl.swift in Sources */ = {isa = PBXBuildFile; fileRef = 23DF39D21CE1C65F00395140 /* ADVProgressControl.swift */; };
		23DF39D51CE1C65F00395140 /* ADVProgressControl.swift in Sources */ = {isa = PBXBuildFile; fileRef = 23DF39D21CE1C65F00395140 /* ADVProgressControl.swift */; };
		23DF39D61CE1C65F00395140 /* ADVProgressControl.swift in Sources */ = {isa = PBXBuildFile; fileRef = 23DF39D21CE1C65F00395140 /* ADVProgressControl.swift */; };
		23DF39D71CE1C65F00395140 /* ADVProgressLayer.swift in Sources */ = {isa = PBXBuildFile; fileRef = 23DF39D31CE1C65F00395140 /* ADVProgressLayer.swift */; };
		23DF39D81CE1C65F00395140 /* ADVProgressLayer.swift in Sources */ = {isa = PBXBuildFile; fileRef = 23DF39D31CE1C65F00395140 /* ADVProgressLayer.swift */; };
		23DF39D91CE1C65F00395140 /* ADVProgressLayer.swift in Sources */ = {isa = PBXBuildFile; fileRef = 23DF39D31CE1C65F00395140 /* ADVProgressLayer.swift */; };
		23DF39DB1CE1C66900395140 /* ADVGradientButton.swift in Sources */ = {isa = PBXBuildFile; fileRef = 23DF39DA1CE1C66900395140 /* ADVGradientButton.swift */; };
		23DF39DC1CE1C66900395140 /* ADVGradientButton.swift in Sources */ = {isa = PBXBuildFile; fileRef = 23DF39DA1CE1C66900395140 /* ADVGradientButton.swift */; };
		23DF39DD1CE1C66900395140 /* ADVGradientButton.swift in Sources */ = {isa = PBXBuildFile; fileRef = 23DF39DA1CE1C66900395140 /* ADVGradientButton.swift */; };
		23DF39DF1CE1C66F00395140 /* ADVAnimatedButton.swift in Sources */ = {isa = PBXBuildFile; fileRef = 23DF39DE1CE1C66F00395140 /* ADVAnimatedButton.swift */; };
		23DF39E01CE1C66F00395140 /* ADVAnimatedButton.swift in Sources */ = {isa = PBXBuildFile; fileRef = 23DF39DE1CE1C66F00395140 /* ADVAnimatedButton.swift */; };
		23DF39E11CE1C66F00395140 /* ADVAnimatedButton.swift in Sources */ = {isa = PBXBuildFile; fileRef = 23DF39DE1CE1C66F00395140 /* ADVAnimatedButton.swift */; };
		23DF39E31CE1C76000395140 /* PictureListViewController.swift in Sources */ = {isa = PBXBuildFile; fileRef = 23DF39E21CE1C76000395140 /* PictureListViewController.swift */; };
		23DF39E41CE1C76000395140 /* PictureListViewController.swift in Sources */ = {isa = PBXBuildFile; fileRef = 23DF39E21CE1C76000395140 /* PictureListViewController.swift */; };
		23DF39E51CE1C76000395140 /* PictureListViewController.swift in Sources */ = {isa = PBXBuildFile; fileRef = 23DF39E21CE1C76000395140 /* PictureListViewController.swift */; };
		23DF39E71CE1C7BA00395140 /* PictureCell.swift in Sources */ = {isa = PBXBuildFile; fileRef = 23DF39E61CE1C7BA00395140 /* PictureCell.swift */; };
		23DF39E81CE1C7BA00395140 /* PictureCell.swift in Sources */ = {isa = PBXBuildFile; fileRef = 23DF39E61CE1C7BA00395140 /* PictureCell.swift */; };
		23DF39E91CE1C7BA00395140 /* PictureCell.swift in Sources */ = {isa = PBXBuildFile; fileRef = 23DF39E61CE1C7BA00395140 /* PictureCell.swift */; };
		71CEE00E1DDDFDD9BFBAD8BB /* Pods_app.framework in Frameworks */ = {isa = PBXBuildFile; fileRef = C797AC0C1936105EEA7866F5 /* Pods_app.framework */; };
/* End PBXBuildFile section */

/* Begin PBXContainerItemProxy section */
		23593D331CDF5824007686E9 /* PBXContainerItemProxy */ = {
			isa = PBXContainerItemProxy;
			containerPortal = 23593D161CDF5824007686E9 /* Project object */;
			proxyType = 1;
			remoteGlobalIDString = 23593D1D1CDF5824007686E9;
			remoteInfo = app;
		};
		23593D3E1CDF5824007686E9 /* PBXContainerItemProxy */ = {
			isa = PBXContainerItemProxy;
			containerPortal = 23593D161CDF5824007686E9 /* Project object */;
			proxyType = 1;
			remoteGlobalIDString = 23593D1D1CDF5824007686E9;
			remoteInfo = app;
		};
/* End PBXContainerItemProxy section */

/* Begin PBXFileReference section */
		15A27F94892E8E8BBA68131B /* Pods.framework */ = {isa = PBXFileReference; explicitFileType = wrapper.framework; includeInIndex = 0; path = Pods.framework; sourceTree = BUILT_PRODUCTS_DIR; };
		2335E9E61CE2085A003E815B /* PAPConstants.swift */ = {isa = PBXFileReference; fileEncoding = 4; lastKnownFileType = sourcecode.swift; path = PAPConstants.swift; sourceTree = "<group>"; };
		2335E9E71CE2085A003E815B /* PAPUtility.swift */ = {isa = PBXFileReference; fileEncoding = 4; lastKnownFileType = sourcecode.swift; path = PAPUtility.swift; sourceTree = "<group>"; };
		2335E9E81CE2085A003E815B /* PAPCache.swift */ = {isa = PBXFileReference; fileEncoding = 4; lastKnownFileType = sourcecode.swift; path = PAPCache.swift; sourceTree = "<group>"; };
		2335E9E91CE2085A003E815B /* Reachability.swift */ = {isa = PBXFileReference; fileEncoding = 4; lastKnownFileType = sourcecode.swift; path = Reachability.swift; sourceTree = "<group>"; };
		234D7DF61CE185F5004D06BE /* Accounts.framework */ = {isa = PBXFileReference; lastKnownFileType = wrapper.framework; name = Accounts.framework; path = System/Library/Frameworks/Accounts.framework; sourceTree = SDKROOT; };
		234D7DF81CE185FF004D06BE /* Social.framework */ = {isa = PBXFileReference; lastKnownFileType = wrapper.framework; name = Social.framework; path = System/Library/Frameworks/Social.framework; sourceTree = SDKROOT; };
		23593D1E1CDF5824007686E9 /* app.app */ = {isa = PBXFileReference; explicitFileType = wrapper.application; includeInIndex = 0; path = app.app; sourceTree = BUILT_PRODUCTS_DIR; };
		23593D211CDF5824007686E9 /* AppDelegate.swift */ = {isa = PBXFileReference; lastKnownFileType = sourcecode.swift; path = AppDelegate.swift; sourceTree = "<group>"; };
		23593D231CDF5824007686E9 /* ViewController.swift */ = {isa = PBXFileReference; lastKnownFileType = sourcecode.swift; path = ViewController.swift; sourceTree = "<group>"; };
		23593D261CDF5824007686E9 /* Base */ = {isa = PBXFileReference; lastKnownFileType = file.storyboard; name = Base; path = Base.lproj/Main.storyboard; sourceTree = "<group>"; };
		23593D281CDF5824007686E9 /* Assets.xcassets */ = {isa = PBXFileReference; lastKnownFileType = folder.assetcatalog; path = Assets.xcassets; sourceTree = "<group>"; };
		23593D2B1CDF5824007686E9 /* Base */ = {isa = PBXFileReference; lastKnownFileType = file.storyboard; name = Base; path = Base.lproj/LaunchScreen.storyboard; sourceTree = "<group>"; };
		23593D2D1CDF5824007686E9 /* Info.plist */ = {isa = PBXFileReference; lastKnownFileType = text.plist.xml; path = Info.plist; sourceTree = "<group>"; };
		23593D321CDF5824007686E9 /* appTests.xctest */ = {isa = PBXFileReference; explicitFileType = wrapper.cfbundle; includeInIndex = 0; path = appTests.xctest; sourceTree = BUILT_PRODUCTS_DIR; };
		23593D361CDF5824007686E9 /* appTests.swift */ = {isa = PBXFileReference; lastKnownFileType = sourcecode.swift; path = appTests.swift; sourceTree = "<group>"; };
		23593D381CDF5824007686E9 /* Info.plist */ = {isa = PBXFileReference; lastKnownFileType = text.plist.xml; path = Info.plist; sourceTree = "<group>"; };
		23593D3D1CDF5824007686E9 /* appUITests.xctest */ = {isa = PBXFileReference; explicitFileType = wrapper.cfbundle; includeInIndex = 0; path = appUITests.xctest; sourceTree = BUILT_PRODUCTS_DIR; };
		23593D411CDF5824007686E9 /* appUITests.swift */ = {isa = PBXFileReference; lastKnownFileType = sourcecode.swift; path = appUITests.swift; sourceTree = "<group>"; };
		23593D431CDF5824007686E9 /* Info.plist */ = {isa = PBXFileReference; lastKnownFileType = text.plist.xml; path = Info.plist; sourceTree = "<group>"; };
		23593D501CDF58CC007686E9 /* Bolts.framework */ = {isa = PBXFileReference; lastKnownFileType = wrapper.framework; path = Bolts.framework; sourceTree = "<group>"; };
		23593D511CDF58CC007686E9 /* Parse.framework */ = {isa = PBXFileReference; lastKnownFileType = wrapper.framework; path = Parse.framework; sourceTree = "<group>"; };
		23593D5C1CDF5D07007686E9 /* Login.storyboard */ = {isa = PBXFileReference; fileEncoding = 4; lastKnownFileType = file.storyboard; name = Login.storyboard; path = Storyboard/Login.storyboard; sourceTree = "<group>"; };
		23593D601CDF5D65007686E9 /* WellcomeViewController.swift */ = {isa = PBXFileReference; fileEncoding = 4; lastKnownFileType = sourcecode.swift; name = WellcomeViewController.swift; path = ViewController/WellcomeViewController.swift; sourceTree = "<group>"; };
		23593D661CDF9292007686E9 /* cat.mp4 */ = {isa = PBXFileReference; lastKnownFileType = file; path = cat.mp4; sourceTree = "<group>"; };
		23593D671CDF9292007686E9 /* dog.mp4 */ = {isa = PBXFileReference; lastKnownFileType = file; path = dog.mp4; sourceTree = "<group>"; };
		23593D721CDF9498007686E9 /* spotifyVideo.mp4 */ = {isa = PBXFileReference; lastKnownFileType = file; path = spotifyVideo.mp4; sourceTree = "<group>"; };
		237FD8C71CE0E79300C82E0E /* MyLogInViewController.swift */ = {isa = PBXFileReference; fileEncoding = 4; lastKnownFileType = sourcecode.swift; path = MyLogInViewController.swift; sourceTree = "<group>"; };
		237FD8C91CE0E8BE00C82E0E /* MySignUpViewController.swift */ = {isa = PBXFileReference; fileEncoding = 4; lastKnownFileType = sourcecode.swift; path = MySignUpViewController.swift; sourceTree = "<group>"; };
		23DF398F1CE1B00400395140 /* BarChartController.swift */ = {isa = PBXFileReference; fileEncoding = 4; lastKnownFileType = sourcecode.swift; path = BarChartController.swift; sourceTree = "<group>"; };
		23DF39971CE1C4B400395140 /* app-Bridging-Header.h */ = {isa = PBXFileReference; lastKnownFileType = sourcecode.c.h; path = "app-Bridging-Header.h"; sourceTree = "<group>"; };
		23DF39981CE1C4B400395140 /* appTests-Bridging-Header.h */ = {isa = PBXFileReference; lastKnownFileType = sourcecode.c.h; path = "appTests-Bridging-Header.h"; sourceTree = "<group>"; };
		23DF39991CE1C4B500395140 /* appUITests-Bridging-Header.h */ = {isa = PBXFileReference; lastKnownFileType = sourcecode.c.h; path = "appUITests-Bridging-Header.h"; sourceTree = "<group>"; };
		23DF39A11CE1C5A100395140 /* ANDBackgroundChartView.h */ = {isa = PBXFileReference; fileEncoding = 4; lastKnownFileType = sourcecode.c.h; path = ANDBackgroundChartView.h; sourceTree = "<group>"; };
		23DF39A21CE1C5A100395140 /* ANDBackgroundChartView.m */ = {isa = PBXFileReference; fileEncoding = 4; lastKnownFileType = sourcecode.c.objc; path = ANDBackgroundChartView.m; sourceTree = "<group>"; };
		23DF39A31CE1C5A100395140 /* ANDInternalLineChartView.h */ = {isa = PBXFileReference; fileEncoding = 4; lastKnownFileType = sourcecode.c.h; path = ANDInternalLineChartView.h; sourceTree = "<group>"; };
		23DF39A41CE1C5A100395140 /* ANDInternalLineChartView.m */ = {isa = PBXFileReference; fileEncoding = 4; lastKnownFileType = sourcecode.c.objc; path = ANDInternalLineChartView.m; sourceTree = "<group>"; };
		23DF39A51CE1C5A100395140 /* ANDLineChartView.h */ = {isa = PBXFileReference; fileEncoding = 4; lastKnownFileType = sourcecode.c.h; path = ANDLineChartView.h; sourceTree = "<group>"; };
		23DF39A61CE1C5A100395140 /* ANDLineChartView.m */ = {isa = PBXFileReference; fileEncoding = 4; lastKnownFileType = sourcecode.c.objc; path = ANDLineChartView.m; sourceTree = "<group>"; };
		23DF39A81CE1C5A100395140 /* JBBarChartView.h */ = {isa = PBXFileReference; fileEncoding = 4; lastKnownFileType = sourcecode.c.h; path = JBBarChartView.h; sourceTree = "<group>"; };
		23DF39A91CE1C5A100395140 /* JBBarChartView.m */ = {isa = PBXFileReference; fileEncoding = 4; lastKnownFileType = sourcecode.c.objc; path = JBBarChartView.m; sourceTree = "<group>"; };
		23DF39AA1CE1C5A100395140 /* JBChartView.h */ = {isa = PBXFileReference; fileEncoding = 4; lastKnownFileType = sourcecode.c.h; path = JBChartView.h; sourceTree = "<group>"; };
		23DF39AB1CE1C5A100395140 /* JBChartView.m */ = {isa = PBXFileReference; fileEncoding = 4; lastKnownFileType = sourcecode.c.objc; path = JBChartView.m; sourceTree = "<group>"; };
		23DF39AC1CE1C5A100395140 /* JBLineChartView.h */ = {isa = PBXFileReference; fileEncoding = 4; lastKnownFileType = sourcecode.c.h; path = JBLineChartView.h; sourceTree = "<group>"; };
		23DF39AD1CE1C5A100395140 /* JBLineChartView.m */ = {isa = PBXFileReference; fileEncoding = 4; lastKnownFileType = sourcecode.c.objc; path = JBLineChartView.m; sourceTree = "<group>"; };
		23DF39C01CE1C5F200395140 /* MegaTheme.swift */ = {isa = PBXFileReference; fileEncoding = 4; lastKnownFileType = sourcecode.swift; path = MegaTheme.swift; sourceTree = "<group>"; };
		23DF39CA1CE1C65400395140 /* ADVTabSegmentControl.swift */ = {isa = PBXFileReference; fileEncoding = 4; lastKnownFileType = sourcecode.swift; path = ADVTabSegmentControl.swift; sourceTree = "<group>"; };
		23DF39CE1CE1C65900395140 /* ADVSegmentedControl.swift */ = {isa = PBXFileReference; fileEncoding = 4; lastKnownFileType = sourcecode.swift; path = ADVSegmentedControl.swift; sourceTree = "<group>"; };
		23DF39D21CE1C65F00395140 /* ADVProgressControl.swift */ = {isa = PBXFileReference; fileEncoding = 4; lastKnownFileType = sourcecode.swift; path = ADVProgressControl.swift; sourceTree = "<group>"; };
		23DF39D31CE1C65F00395140 /* ADVProgressLayer.swift */ = {isa = PBXFileReference; fileEncoding = 4; lastKnownFileType = sourcecode.swift; path = ADVProgressLayer.swift; sourceTree = "<group>"; };
		23DF39DA1CE1C66900395140 /* ADVGradientButton.swift */ = {isa = PBXFileReference; fileEncoding = 4; lastKnownFileType = sourcecode.swift; path = ADVGradientButton.swift; sourceTree = "<group>"; };
		23DF39DE1CE1C66F00395140 /* ADVAnimatedButton.swift */ = {isa = PBXFileReference; fileEncoding = 4; lastKnownFileType = sourcecode.swift; path = ADVAnimatedButton.swift; sourceTree = "<group>"; };
		23DF39E21CE1C76000395140 /* PictureListViewController.swift */ = {isa = PBXFileReference; fileEncoding = 4; lastKnownFileType = sourcecode.swift; path = PictureListViewController.swift; sourceTree = "<group>"; };
		23DF39E61CE1C7BA00395140 /* PictureCell.swift */ = {isa = PBXFileReference; fileEncoding = 4; lastKnownFileType = sourcecode.swift; path = PictureCell.swift; sourceTree = "<group>"; };
		A521C87BBEB80610E4695573 /* Pods-app.release.xcconfig */ = {isa = PBXFileReference; includeInIndex = 1; lastKnownFileType = text.xcconfig; name = "Pods-app.release.xcconfig"; path = "Pods/Target Support Files/Pods-app/Pods-app.release.xcconfig"; sourceTree = "<group>"; };
		C797AC0C1936105EEA7866F5 /* Pods_app.framework */ = {isa = PBXFileReference; explicitFileType = wrapper.framework; includeInIndex = 0; path = Pods_app.framework; sourceTree = BUILT_PRODUCTS_DIR; };
		FA6D9C96D0ECD6BF55BB30CD /* Pods-app.debug.xcconfig */ = {isa = PBXFileReference; includeInIndex = 1; lastKnownFileType = text.xcconfig; name = "Pods-app.debug.xcconfig"; path = "Pods/Target Support Files/Pods-app/Pods-app.debug.xcconfig"; sourceTree = "<group>"; };
/* End PBXFileReference section */

/* Begin PBXFrameworksBuildPhase section */
		23593D1B1CDF5824007686E9 /* Frameworks */ = {
			isa = PBXFrameworksBuildPhase;
			buildActionMask = 2147483647;
			files = (
				234D7DF91CE185FF004D06BE /* Social.framework in Frameworks */,
				234D7DF71CE185F5004D06BE /* Accounts.framework in Frameworks */,
				23593D551CDF58CC007686E9 /* Parse.framework in Frameworks */,
				23593D521CDF58CC007686E9 /* Bolts.framework in Frameworks */,
				71CEE00E1DDDFDD9BFBAD8BB /* Pods_app.framework in Frameworks */,
			);
			runOnlyForDeploymentPostprocessing = 0;
		};
		23593D2F1CDF5824007686E9 /* Frameworks */ = {
			isa = PBXFrameworksBuildPhase;
			buildActionMask = 2147483647;
			files = (
				23593D561CDF58CC007686E9 /* Parse.framework in Frameworks */,
				23593D531CDF58CC007686E9 /* Bolts.framework in Frameworks */,
			);
			runOnlyForDeploymentPostprocessing = 0;
		};
		23593D3A1CDF5824007686E9 /* Frameworks */ = {
			isa = PBXFrameworksBuildPhase;
			buildActionMask = 2147483647;
			files = (
				23593D571CDF58CC007686E9 /* Parse.framework in Frameworks */,
				23593D541CDF58CC007686E9 /* Bolts.framework in Frameworks */,
			);
			runOnlyForDeploymentPostprocessing = 0;
		};
/* End PBXFrameworksBuildPhase section */

/* Begin PBXGroup section */
		23593D151CDF5824007686E9 = {
			isa = PBXGroup;
			children = (
				23593D201CDF5824007686E9 /* app */,
				23593D351CDF5824007686E9 /* appTests */,
				23593D401CDF5824007686E9 /* appUITests */,
				23593D1F1CDF5824007686E9 /* Products */,
				AE47E351F062652BA65A96B9 /* Frameworks */,
				E29CB028C49B0D67C0B30995 /* Pods */,
			);
			sourceTree = "<group>";
		};
		23593D1F1CDF5824007686E9 /* Products */ = {
			isa = PBXGroup;
			children = (
				23593D1E1CDF5824007686E9 /* app.app */,
				23593D321CDF5824007686E9 /* appTests.xctest */,
				23593D3D1CDF5824007686E9 /* appUITests.xctest */,
			);
			name = Products;
			sourceTree = "<group>";
		};
		23593D201CDF5824007686E9 /* app */ = {
			isa = PBXGroup;
			children = (
				23DF39C41CE1C61800395140 /* Controls */,
				23DF399F1CE1C5A100395140 /* Libraries */,
				23593D211CDF5824007686E9 /* AppDelegate.swift */,
				23593D231CDF5824007686E9 /* ViewController.swift */,
				23593D601CDF5D65007686E9 /* WellcomeViewController.swift */,
				237FD8C71CE0E79300C82E0E /* MyLogInViewController.swift */,
				237FD8C91CE0E8BE00C82E0E /* MySignUpViewController.swift */,
				23DF398F1CE1B00400395140 /* BarChartController.swift */,
				23DF39E21CE1C76000395140 /* PictureListViewController.swift */,
				23DF39E61CE1C7BA00395140 /* PictureCell.swift */,
				23593D251CDF5824007686E9 /* Main.storyboard */,
				23DF39C01CE1C5F200395140 /* MegaTheme.swift */,
				23593D5C1CDF5D07007686E9 /* Login.storyboard */,
				2335E9E61CE2085A003E815B /* PAPConstants.swift */,
				2335E9E71CE2085A003E815B /* PAPUtility.swift */,
				2335E9E81CE2085A003E815B /* PAPCache.swift */,
				2335E9E91CE2085A003E815B /* Reachability.swift */,
				23593D281CDF5824007686E9 /* Assets.xcassets */,
				23593D2A1CDF5824007686E9 /* LaunchScreen.storyboard */,
				23593D2D1CDF5824007686E9 /* Info.plist */,
				23593D661CDF9292007686E9 /* cat.mp4 */,
				23593D721CDF9498007686E9 /* spotifyVideo.mp4 */,
				23593D671CDF9292007686E9 /* dog.mp4 */,
				23593D4F1CDF58BC007686E9 /* framework */,
				23DF39971CE1C4B400395140 /* app-Bridging-Header.h */,
				23DF39981CE1C4B400395140 /* appTests-Bridging-Header.h */,
				23DF39991CE1C4B500395140 /* appUITests-Bridging-Header.h */,
			);
			path = app;
			sourceTree = "<group>";
		};
		23593D351CDF5824007686E9 /* appTests */ = {
			isa = PBXGroup;
			children = (
				23593D361CDF5824007686E9 /* appTests.swift */,
				23593D381CDF5824007686E9 /* Info.plist */,
			);
			path = appTests;
			sourceTree = "<group>";
		};
		23593D401CDF5824007686E9 /* appUITests */ = {
			isa = PBXGroup;
			children = (
				23593D411CDF5824007686E9 /* appUITests.swift */,
				23593D431CDF5824007686E9 /* Info.plist */,
			);
			path = appUITests;
			sourceTree = "<group>";
		};
		23593D4F1CDF58BC007686E9 /* framework */ = {
			isa = PBXGroup;
			children = (
				23593D501CDF58CC007686E9 /* Bolts.framework */,
				23593D511CDF58CC007686E9 /* Parse.framework */,
			);
			name = framework;
			sourceTree = "<group>";
		};
		23DF399F1CE1C5A100395140 /* Libraries */ = {
			isa = PBXGroup;
			children = (
				23DF39A01CE1C5A100395140 /* ANDLineChartView */,
				23DF39A71CE1C5A100395140 /* JBChartView */,
			);
			path = Libraries;
			sourceTree = "<group>";
		};
		23DF39A01CE1C5A100395140 /* ANDLineChartView */ = {
			isa = PBXGroup;
			children = (
				23DF39A11CE1C5A100395140 /* ANDBackgroundChartView.h */,
				23DF39A21CE1C5A100395140 /* ANDBackgroundChartView.m */,
				23DF39A31CE1C5A100395140 /* ANDInternalLineChartView.h */,
				23DF39A41CE1C5A100395140 /* ANDInternalLineChartView.m */,
				23DF39A51CE1C5A100395140 /* ANDLineChartView.h */,
				23DF39A61CE1C5A100395140 /* ANDLineChartView.m */,
			);
			path = ANDLineChartView;
			sourceTree = "<group>";
		};
		23DF39A71CE1C5A100395140 /* JBChartView */ = {
			isa = PBXGroup;
			children = (
				23DF39A81CE1C5A100395140 /* JBBarChartView.h */,
				23DF39A91CE1C5A100395140 /* JBBarChartView.m */,
				23DF39AA1CE1C5A100395140 /* JBChartView.h */,
				23DF39AB1CE1C5A100395140 /* JBChartView.m */,
				23DF39AC1CE1C5A100395140 /* JBLineChartView.h */,
				23DF39AD1CE1C5A100395140 /* JBLineChartView.m */,
			);
			path = JBChartView;
			sourceTree = "<group>";
		};
		23DF39C41CE1C61800395140 /* Controls */ = {
			isa = PBXGroup;
			children = (
				23DF39C91CE1C64B00395140 /* ADVTabSegmentControl */,
				23DF39C81CE1C64100395140 /* ADVSegmentControl */,
				23DF39C71CE1C63500395140 /* ADVProgressControl */,
				23DF39C61CE1C62D00395140 /* ADVGradientButton */,
				23DF39C51CE1C61E00395140 /* ADVAnimatedButton */,
			);
			name = Controls;
			sourceTree = "<group>";
		};
		23DF39C51CE1C61E00395140 /* ADVAnimatedButton */ = {
			isa = PBXGroup;
			children = (
				23DF39DE1CE1C66F00395140 /* ADVAnimatedButton.swift */,
			);
			name = ADVAnimatedButton;
			sourceTree = "<group>";
		};
		23DF39C61CE1C62D00395140 /* ADVGradientButton */ = {
			isa = PBXGroup;
			children = (
				23DF39DA1CE1C66900395140 /* ADVGradientButton.swift */,
			);
			name = ADVGradientButton;
			sourceTree = "<group>";
		};
		23DF39C71CE1C63500395140 /* ADVProgressControl */ = {
			isa = PBXGroup;
			children = (
				23DF39D21CE1C65F00395140 /* ADVProgressControl.swift */,
				23DF39D31CE1C65F00395140 /* ADVProgressLayer.swift */,
			);
			name = ADVProgressControl;
			sourceTree = "<group>";
		};
		23DF39C81CE1C64100395140 /* ADVSegmentControl */ = {
			isa = PBXGroup;
			children = (
				23DF39CE1CE1C65900395140 /* ADVSegmentedControl.swift */,
			);
			name = ADVSegmentControl;
			sourceTree = "<group>";
		};
		23DF39C91CE1C64B00395140 /* ADVTabSegmentControl */ = {
			isa = PBXGroup;
			children = (
				23DF39CA1CE1C65400395140 /* ADVTabSegmentControl.swift */,
			);
			name = ADVTabSegmentControl;
			sourceTree = "<group>";
		};
		AE47E351F062652BA65A96B9 /* Frameworks */ = {
			isa = PBXGroup;
			children = (
				234D7DF81CE185FF004D06BE /* Social.framework */,
				234D7DF61CE185F5004D06BE /* Accounts.framework */,
				15A27F94892E8E8BBA68131B /* Pods.framework */,
				C797AC0C1936105EEA7866F5 /* Pods_app.framework */,
			);
			name = Frameworks;
			sourceTree = "<group>";
		};
		E29CB028C49B0D67C0B30995 /* Pods */ = {
			isa = PBXGroup;
			children = (
				FA6D9C96D0ECD6BF55BB30CD /* Pods-app.debug.xcconfig */,
				A521C87BBEB80610E4695573 /* Pods-app.release.xcconfig */,
			);
			name = Pods;
			sourceTree = "<group>";
		};
/* End PBXGroup section */

/* Begin PBXNativeTarget section */
		23593D1D1CDF5824007686E9 /* app */ = {
			isa = PBXNativeTarget;
			buildConfigurationList = 23593D461CDF5824007686E9 /* Build configuration list for PBXNativeTarget "app" */;
			buildPhases = (
				7CD2090609E1AF2573BDFF72 /* 📦 Check Pods Manifest.lock */,
				23593D1A1CDF5824007686E9 /* Sources */,
				23593D1B1CDF5824007686E9 /* Frameworks */,
				23593D1C1CDF5824007686E9 /* Resources */,
				C95CB498E3269A102D978CD8 /* 📦 Embed Pods Frameworks */,
				D3D1A5A4D13BF23AB1A161C5 /* 📦 Copy Pods Resources */,
			);
			buildRules = (
			);
			dependencies = (
			);
			name = app;
			productName = app;
			productReference = 23593D1E1CDF5824007686E9 /* app.app */;
			productType = "com.apple.product-type.application";
		};
		23593D311CDF5824007686E9 /* appTests */ = {
			isa = PBXNativeTarget;
			buildConfigurationList = 23593D491CDF5824007686E9 /* Build configuration list for PBXNativeTarget "appTests" */;
			buildPhases = (
				23593D2E1CDF5824007686E9 /* Sources */,
				23593D2F1CDF5824007686E9 /* Frameworks */,
				23593D301CDF5824007686E9 /* Resources */,
			);
			buildRules = (
			);
			dependencies = (
				23593D341CDF5824007686E9 /* PBXTargetDependency */,
			);
			name = appTests;
			productName = appTests;
			productReference = 23593D321CDF5824007686E9 /* appTests.xctest */;
			productType = "com.apple.product-type.bundle.unit-test";
		};
		23593D3C1CDF5824007686E9 /* appUITests */ = {
			isa = PBXNativeTarget;
			buildConfigurationList = 23593D4C1CDF5824007686E9 /* Build configuration list for PBXNativeTarget "appUITests" */;
			buildPhases = (
				23593D391CDF5824007686E9 /* Sources */,
				23593D3A1CDF5824007686E9 /* Frameworks */,
				23593D3B1CDF5824007686E9 /* Resources */,
			);
			buildRules = (
			);
			dependencies = (
				23593D3F1CDF5824007686E9 /* PBXTargetDependency */,
			);
			name = appUITests;
			productName = appUITests;
			productReference = 23593D3D1CDF5824007686E9 /* appUITests.xctest */;
			productType = "com.apple.product-type.bundle.ui-testing";
		};
/* End PBXNativeTarget section */

/* Begin PBXProject section */
		23593D161CDF5824007686E9 /* Project object */ = {
			isa = PBXProject;
			attributes = {
				LastSwiftUpdateCheck = 0730;
				LastUpgradeCheck = 0730;
				ORGANIZATIONNAME = "駿逸 陳";
				TargetAttributes = {
					23593D1D1CDF5824007686E9 = {
						CreatedOnToolsVersion = 7.3.1;
						DevelopmentTeam = 8LJ7V3WEL3;
					};
					23593D311CDF5824007686E9 = {
						CreatedOnToolsVersion = 7.3.1;
						TestTargetID = 23593D1D1CDF5824007686E9;
					};
					23593D3C1CDF5824007686E9 = {
						CreatedOnToolsVersion = 7.3.1;
						TestTargetID = 23593D1D1CDF5824007686E9;
					};
				};
			};
			buildConfigurationList = 23593D191CDF5824007686E9 /* Build configuration list for PBXProject "app" */;
			compatibilityVersion = "Xcode 3.2";
			developmentRegion = English;
			hasScannedForEncodings = 0;
			knownRegions = (
				en,
				Base,
			);
			mainGroup = 23593D151CDF5824007686E9;
			productRefGroup = 23593D1F1CDF5824007686E9 /* Products */;
			projectDirPath = "";
			projectRoot = "";
			targets = (
				23593D1D1CDF5824007686E9 /* app */,
				23593D311CDF5824007686E9 /* appTests */,
				23593D3C1CDF5824007686E9 /* appUITests */,
			);
		};
/* End PBXProject section */

/* Begin PBXResourcesBuildPhase section */
		23593D1C1CDF5824007686E9 /* Resources */ = {
			isa = PBXResourcesBuildPhase;
			buildActionMask = 2147483647;
			files = (
				23593D6B1CDF9292007686E9 /* dog.mp4 in Resources */,
				23593D5D1CDF5D07007686E9 /* Login.storyboard in Resources */,
				23593D2C1CDF5824007686E9 /* LaunchScreen.storyboard in Resources */,
				23593D731CDF9498007686E9 /* spotifyVideo.mp4 in Resources */,
				23593D291CDF5824007686E9 /* Assets.xcassets in Resources */,
				23593D271CDF5824007686E9 /* Main.storyboard in Resources */,
				23593D681CDF9292007686E9 /* cat.mp4 in Resources */,
			);
			runOnlyForDeploymentPostprocessing = 0;
		};
		23593D301CDF5824007686E9 /* Resources */ = {
			isa = PBXResourcesBuildPhase;
			buildActionMask = 2147483647;
			files = (
				23593D6C1CDF9292007686E9 /* dog.mp4 in Resources */,
				23593D691CDF9292007686E9 /* cat.mp4 in Resources */,
				23593D5E1CDF5D07007686E9 /* Login.storyboard in Resources */,
				23593D741CDF9498007686E9 /* spotifyVideo.mp4 in Resources */,
			);
			runOnlyForDeploymentPostprocessing = 0;
		};
		23593D3B1CDF5824007686E9 /* Resources */ = {
			isa = PBXResourcesBuildPhase;
			buildActionMask = 2147483647;
			files = (
				23593D6D1CDF9292007686E9 /* dog.mp4 in Resources */,
				23593D6A1CDF9292007686E9 /* cat.mp4 in Resources */,
				23593D5F1CDF5D07007686E9 /* Login.storyboard in Resources */,
				23593D751CDF9498007686E9 /* spotifyVideo.mp4 in Resources */,
			);
			runOnlyForDeploymentPostprocessing = 0;
		};
/* End PBXResourcesBuildPhase section */

/* Begin PBXShellScriptBuildPhase section */
		7CD2090609E1AF2573BDFF72 /* 📦 Check Pods Manifest.lock */ = {
			isa = PBXShellScriptBuildPhase;
			buildActionMask = 2147483647;
			files = (
			);
			inputPaths = (
			);
			name = "📦 Check Pods Manifest.lock";
			outputPaths = (
			);
			runOnlyForDeploymentPostprocessing = 0;
			shellPath = /bin/sh;
			shellScript = "diff \"${PODS_ROOT}/../Podfile.lock\" \"${PODS_ROOT}/Manifest.lock\" > /dev/null\nif [[ $? != 0 ]] ; then\n    cat << EOM\nerror: The sandbox is not in sync with the Podfile.lock. Run 'pod install' or update your CocoaPods installation.\nEOM\n    exit 1\nfi\n";
			showEnvVarsInLog = 0;
		};
		C95CB498E3269A102D978CD8 /* 📦 Embed Pods Frameworks */ = {
			isa = PBXShellScriptBuildPhase;
			buildActionMask = 2147483647;
			files = (
			);
			inputPaths = (
			);
			name = "📦 Embed Pods Frameworks";
			outputPaths = (
			);
			runOnlyForDeploymentPostprocessing = 0;
			shellPath = /bin/sh;
			shellScript = "\"${SRCROOT}/Pods/Target Support Files/Pods-app/Pods-app-frameworks.sh\"\n";
			showEnvVarsInLog = 0;
		};
		D3D1A5A4D13BF23AB1A161C5 /* 📦 Copy Pods Resources */ = {
			isa = PBXShellScriptBuildPhase;
			buildActionMask = 2147483647;
			files = (
			);
			inputPaths = (
			);
			name = "📦 Copy Pods Resources";
			outputPaths = (
			);
			runOnlyForDeploymentPostprocessing = 0;
			shellPath = /bin/sh;
			shellScript = "\"${SRCROOT}/Pods/Target Support Files/Pods-app/Pods-app-resources.sh\"\n";
			showEnvVarsInLog = 0;
		};
/* End PBXShellScriptBuildPhase section */

/* Begin PBXSourcesBuildPhase section */
		23593D1A1CDF5824007686E9 /* Sources */ = {
			isa = PBXSourcesBuildPhase;
			buildActionMask = 2147483647;
			files = (
				237FD8C81CE0E79300C82E0E /* MyLogInViewController.swift in Sources */,
				2335E9EA1CE2085A003E815B /* PAPConstants.swift in Sources */,
				23DF39BD1CE1C5A100395140 /* JBLineChartView.m in Sources */,
				23DF39DF1CE1C66F00395140 /* ADVAnimatedButton.swift in Sources */,
				23DF39B71CE1C5A100395140 /* JBBarChartView.m in Sources */,
				23DF39CB1CE1C65400395140 /* ADVTabSegmentControl.swift in Sources */,
				23DF39E71CE1C7BA00395140 /* PictureCell.swift in Sources */,
				23DF39D41CE1C65F00395140 /* ADVProgressControl.swift in Sources */,
				23DF39AE1CE1C5A100395140 /* ANDBackgroundChartView.m in Sources */,
				23DF39B11CE1C5A100395140 /* ANDInternalLineChartView.m in Sources */,
				23DF39D71CE1C65F00395140 /* ADVProgressLayer.swift in Sources */,
				23DF39BA1CE1C5A100395140 /* JBChartView.m in Sources */,
				2335E9ED1CE2085A003E815B /* PAPUtility.swift in Sources */,
				237FD8CA1CE0E8BE00C82E0E /* MySignUpViewController.swift in Sources */,
				2335E9F01CE2085A003E815B /* PAPCache.swift in Sources */,
				23DF39B41CE1C5A100395140 /* ANDLineChartView.m in Sources */,
				23593D241CDF5824007686E9 /* ViewController.swift in Sources */,
				23DF39CF1CE1C65900395140 /* ADVSegmentedControl.swift in Sources */,
				23DF39DB1CE1C66900395140 /* ADVGradientButton.swift in Sources */,
				23593D611CDF5D65007686E9 /* WellcomeViewController.swift in Sources */,
				23DF39C11CE1C5F200395140 /* MegaTheme.swift in Sources */,
				23DF39E31CE1C76000395140 /* PictureListViewController.swift in Sources */,
				23DF39901CE1B00400395140 /* BarChartController.swift in Sources */,
				2335E9F31CE2085A003E815B /* Reachability.swift in Sources */,
				23593D221CDF5824007686E9 /* AppDelegate.swift in Sources */,
			);
			runOnlyForDeploymentPostprocessing = 0;
		};
		23593D2E1CDF5824007686E9 /* Sources */ = {
			isa = PBXSourcesBuildPhase;
			buildActionMask = 2147483647;
			files = (
				2335E9EE1CE2085A003E815B /* PAPUtility.swift in Sources */,
				23DF39B81CE1C5A100395140 /* JBBarChartView.m in Sources */,
				2335E9F11CE2085A003E815B /* PAPCache.swift in Sources */,
				23DF39DC1CE1C66900395140 /* ADVGradientButton.swift in Sources */,
				23DF39BE1CE1C5A100395140 /* JBLineChartView.m in Sources */,
				23DF39BB1CE1C5A100395140 /* JBChartView.m in Sources */,
				23DF39CC1CE1C65400395140 /* ADVTabSegmentControl.swift in Sources */,
				23DF39E41CE1C76000395140 /* PictureListViewController.swift in Sources */,
				23DF39D51CE1C65F00395140 /* ADVProgressControl.swift in Sources */,
				23DF39D01CE1C65900395140 /* ADVSegmentedControl.swift in Sources */,
				23DF39B21CE1C5A100395140 /* ANDInternalLineChartView.m in Sources */,
				23DF39B51CE1C5A100395140 /* ANDLineChartView.m in Sources */,
				23DF39C21CE1C5F200395140 /* MegaTheme.swift in Sources */,
				23593D621CDF5D65007686E9 /* WellcomeViewController.swift in Sources */,
				23DF39D81CE1C65F00395140 /* ADVProgressLayer.swift in Sources */,
				23DF39E01CE1C66F00395140 /* ADVAnimatedButton.swift in Sources */,
				23DF39E81CE1C7BA00395140 /* PictureCell.swift in Sources */,
				23DF39911CE1B00400395140 /* BarChartController.swift in Sources */,
				2335E9F41CE2085A003E815B /* Reachability.swift in Sources */,
				2335E9EB1CE2085A003E815B /* PAPConstants.swift in Sources */,
				23593D371CDF5824007686E9 /* appTests.swift in Sources */,
				23DF39AF1CE1C5A100395140 /* ANDBackgroundChartView.m in Sources */,
			);
			runOnlyForDeploymentPostprocessing = 0;
		};
		23593D391CDF5824007686E9 /* Sources */ = {
			isa = PBXSourcesBuildPhase;
			buildActionMask = 2147483647;
			files = (
				2335E9EF1CE2085A003E815B /* PAPUtility.swift in Sources */,
				23DF39B91CE1C5A100395140 /* JBBarChartView.m in Sources */,
				2335E9F21CE2085A003E815B /* PAPCache.swift in Sources */,
				23DF39DD1CE1C66900395140 /* ADVGradientButton.swift in Sources */,
				23DF39BF1CE1C5A100395140 /* JBLineChartView.m in Sources */,
				23DF39BC1CE1C5A100395140 /* JBChartView.m in Sources */,
				23DF39CD1CE1C65400395140 /* ADVTabSegmentControl.swift in Sources */,
				23DF39E51CE1C76000395140 /* PictureListViewController.swift in Sources */,
				23DF39D61CE1C65F00395140 /* ADVProgressControl.swift in Sources */,
				23DF39D11CE1C65900395140 /* ADVSegmentedControl.swift in Sources */,
				23DF39B31CE1C5A100395140 /* ANDInternalLineChartView.m in Sources */,
				23DF39B61CE1C5A100395140 /* ANDLineChartView.m in Sources */,
				23DF39C31CE1C5F200395140 /* MegaTheme.swift in Sources */,
				23593D631CDF5D65007686E9 /* WellcomeViewController.swift in Sources */,
				23DF39D91CE1C65F00395140 /* ADVProgressLayer.swift in Sources */,
				23DF39E11CE1C66F00395140 /* ADVAnimatedButton.swift in Sources */,
				23DF39E91CE1C7BA00395140 /* PictureCell.swift in Sources */,
				23DF39921CE1B00400395140 /* BarChartController.swift in Sources */,
				2335E9F51CE2085A003E815B /* Reachability.swift in Sources */,
				2335E9EC1CE2085A003E815B /* PAPConstants.swift in Sources */,
				23593D421CDF5824007686E9 /* appUITests.swift in Sources */,
				23DF39B01CE1C5A100395140 /* ANDBackgroundChartView.m in Sources */,
			);
			runOnlyForDeploymentPostprocessing = 0;
		};
/* End PBXSourcesBuildPhase section */

/* Begin PBXTargetDependency section */
		23593D341CDF5824007686E9 /* PBXTargetDependency */ = {
			isa = PBXTargetDependency;
			target = 23593D1D1CDF5824007686E9 /* app */;
			targetProxy = 23593D331CDF5824007686E9 /* PBXContainerItemProxy */;
		};
		23593D3F1CDF5824007686E9 /* PBXTargetDependency */ = {
			isa = PBXTargetDependency;
			target = 23593D1D1CDF5824007686E9 /* app */;
			targetProxy = 23593D3E1CDF5824007686E9 /* PBXContainerItemProxy */;
		};
/* End PBXTargetDependency section */

/* Begin PBXVariantGroup section */
		23593D251CDF5824007686E9 /* Main.storyboard */ = {
			isa = PBXVariantGroup;
			children = (
				23593D261CDF5824007686E9 /* Base */,
			);
			name = Main.storyboard;
			sourceTree = "<group>";
		};
		23593D2A1CDF5824007686E9 /* LaunchScreen.storyboard */ = {
			isa = PBXVariantGroup;
			children = (
				23593D2B1CDF5824007686E9 /* Base */,
			);
			name = LaunchScreen.storyboard;
			sourceTree = "<group>";
		};
/* End PBXVariantGroup section */

/* Begin XCBuildConfiguration section */
		23593D441CDF5824007686E9 /* Debug */ = {
			isa = XCBuildConfiguration;
			buildSettings = {
				ALWAYS_SEARCH_USER_PATHS = NO;
				CLANG_ANALYZER_NONNULL = YES;
				CLANG_CXX_LANGUAGE_STANDARD = "gnu++0x";
				CLANG_CXX_LIBRARY = "libc++";
				CLANG_ENABLE_MODULES = YES;
				CLANG_ENABLE_OBJC_ARC = YES;
				CLANG_WARN_BOOL_CONVERSION = YES;
				CLANG_WARN_CONSTANT_CONVERSION = YES;
				CLANG_WARN_DIRECT_OBJC_ISA_USAGE = YES_ERROR;
				CLANG_WARN_EMPTY_BODY = YES;
				CLANG_WARN_ENUM_CONVERSION = YES;
				CLANG_WARN_INT_CONVERSION = YES;
				CLANG_WARN_OBJC_ROOT_CLASS = YES_ERROR;
				CLANG_WARN_UNREACHABLE_CODE = YES;
				CLANG_WARN__DUPLICATE_METHOD_MATCH = YES;
				"CODE_SIGN_IDENTITY[sdk=iphoneos*]" = "iPhone Developer";
				COPY_PHASE_STRIP = NO;
				DEBUG_INFORMATION_FORMAT = dwarf;
				ENABLE_STRICT_OBJC_MSGSEND = YES;
				ENABLE_TESTABILITY = YES;
				GCC_C_LANGUAGE_STANDARD = gnu99;
				GCC_DYNAMIC_NO_PIC = NO;
				GCC_NO_COMMON_BLOCKS = YES;
				GCC_OPTIMIZATION_LEVEL = 0;
				GCC_PREPROCESSOR_DEFINITIONS = (
					"DEBUG=1",
					"$(inherited)",
				);
				GCC_WARN_64_TO_32_BIT_CONVERSION = YES;
				GCC_WARN_ABOUT_RETURN_TYPE = YES_ERROR;
				GCC_WARN_UNDECLARED_SELECTOR = YES;
				GCC_WARN_UNINITIALIZED_AUTOS = YES_AGGRESSIVE;
				GCC_WARN_UNUSED_FUNCTION = YES;
				GCC_WARN_UNUSED_VARIABLE = YES;
				IPHONEOS_DEPLOYMENT_TARGET = 9.3;
				MTL_ENABLE_DEBUG_INFO = YES;
				ONLY_ACTIVE_ARCH = YES;
				SDKROOT = iphoneos;
				SWIFT_OPTIMIZATION_LEVEL = "-Onone";
			};
			name = Debug;
		};
		23593D451CDF5824007686E9 /* Release */ = {
			isa = XCBuildConfiguration;
			buildSettings = {
				ALWAYS_SEARCH_USER_PATHS = NO;
				CLANG_ANALYZER_NONNULL = YES;
				CLANG_CXX_LANGUAGE_STANDARD = "gnu++0x";
				CLANG_CXX_LIBRARY = "libc++";
				CLANG_ENABLE_MODULES = YES;
				CLANG_ENABLE_OBJC_ARC = YES;
				CLANG_WARN_BOOL_CONVERSION = YES;
				CLANG_WARN_CONSTANT_CONVERSION = YES;
				CLANG_WARN_DIRECT_OBJC_ISA_USAGE = YES_ERROR;
				CLANG_WARN_EMPTY_BODY = YES;
				CLANG_WARN_ENUM_CONVERSION = YES;
				CLANG_WARN_INT_CONVERSION = YES;
				CLANG_WARN_OBJC_ROOT_CLASS = YES_ERROR;
				CLANG_WARN_UNREACHABLE_CODE = YES;
				CLANG_WARN__DUPLICATE_METHOD_MATCH = YES;
				"CODE_SIGN_IDENTITY[sdk=iphoneos*]" = "iPhone Developer";
				COPY_PHASE_STRIP = NO;
				DEBUG_INFORMATION_FORMAT = "dwarf-with-dsym";
				ENABLE_NS_ASSERTIONS = NO;
				ENABLE_STRICT_OBJC_MSGSEND = YES;
				GCC_C_LANGUAGE_STANDARD = gnu99;
				GCC_NO_COMMON_BLOCKS = YES;
				GCC_WARN_64_TO_32_BIT_CONVERSION = YES;
				GCC_WARN_ABOUT_RETURN_TYPE = YES_ERROR;
				GCC_WARN_UNDECLARED_SELECTOR = YES;
				GCC_WARN_UNINITIALIZED_AUTOS = YES_AGGRESSIVE;
				GCC_WARN_UNUSED_FUNCTION = YES;
				GCC_WARN_UNUSED_VARIABLE = YES;
				IPHONEOS_DEPLOYMENT_TARGET = 9.3;
				MTL_ENABLE_DEBUG_INFO = NO;
				SDKROOT = iphoneos;
				VALIDATE_PRODUCT = YES;
			};
			name = Release;
		};
		23593D471CDF5824007686E9 /* Debug */ = {
			isa = XCBuildConfiguration;
			baseConfigurationReference = FA6D9C96D0ECD6BF55BB30CD /* Pods-app.debug.xcconfig */;
			buildSettings = {
				ASSETCATALOG_COMPILER_APPICON_NAME = AppIcon;
				CLANG_ENABLE_MODULES = YES;
				CODE_SIGN_IDENTITY = "iPhone Developer";
				ENABLE_BITCODE = NO;
				FRAMEWORK_SEARCH_PATHS = (
					"$(inherited)",
					"$(PROJECT_DIR)/app",
					"$(PROJECT_DIR)",
				);
				INFOPLIST_FILE = app/Info.plist;
				LD_RUNPATH_SEARCH_PATHS = "$(inherited) @executable_path/Frameworks";
				PRODUCT_BUNDLE_IDENTIFIER = io.petsbook.app;
				PRODUCT_NAME = "$(TARGET_NAME)";
				SWIFT_OBJC_BRIDGING_HEADER = "app/app-Bridging-Header.h";
				SWIFT_OPTIMIZATION_LEVEL = "-Onone";
			};
			name = Debug;
		};
		23593D481CDF5824007686E9 /* Release */ = {
			isa = XCBuildConfiguration;
			baseConfigurationReference = A521C87BBEB80610E4695573 /* Pods-app.release.xcconfig */;
			buildSettings = {
				ASSETCATALOG_COMPILER_APPICON_NAME = AppIcon;
				CLANG_ENABLE_MODULES = YES;
				CODE_SIGN_IDENTITY = "iPhone Developer";
				ENABLE_BITCODE = NO;
				FRAMEWORK_SEARCH_PATHS = (
					"$(inherited)",
					"$(PROJECT_DIR)/app",
					"$(PROJECT_DIR)",
				);
				INFOPLIST_FILE = app/Info.plist;
				LD_RUNPATH_SEARCH_PATHS = "$(inherited) @executable_path/Frameworks";
				PRODUCT_BUNDLE_IDENTIFIER = io.petsbook.app;
				PRODUCT_NAME = "$(TARGET_NAME)";
				SWIFT_OBJC_BRIDGING_HEADER = "app/app-Bridging-Header.h";
			};
			name = Release;
		};
		23593D4A1CDF5824007686E9 /* Debug */ = {
			isa = XCBuildConfiguration;
			buildSettings = {
				BUNDLE_LOADER = "$(TEST_HOST)";
				CLANG_ENABLE_MODULES = YES;
				FRAMEWORK_SEARCH_PATHS = (
					"$(inherited)",
					"$(PROJECT_DIR)/app",
					"$(PROJECT_DIR)",
				);
				INFOPLIST_FILE = appTests/Info.plist;
				LD_RUNPATH_SEARCH_PATHS = "$(inherited) @executable_path/Frameworks @loader_path/Frameworks";
				PRODUCT_BUNDLE_IDENTIFIER = io.petsbook.appTests;
				PRODUCT_NAME = "$(TARGET_NAME)";
				SWIFT_OBJC_BRIDGING_HEADER = "app/appTests-Bridging-Header.h";
				SWIFT_OPTIMIZATION_LEVEL = "-Onone";
				TEST_HOST = "$(BUILT_PRODUCTS_DIR)/app.app/app";
			};
			name = Debug;
		};
		23593D4B1CDF5824007686E9 /* Release */ = {
			isa = XCBuildConfiguration;
			buildSettings = {
				BUNDLE_LOADER = "$(TEST_HOST)";
				CLANG_ENABLE_MODULES = YES;
				FRAMEWORK_SEARCH_PATHS = (
					"$(inherited)",
					"$(PROJECT_DIR)/app",
					"$(PROJECT_DIR)",
				);
				INFOPLIST_FILE = appTests/Info.plist;
				LD_RUNPATH_SEARCH_PATHS = "$(inherited) @executable_path/Frameworks @loader_path/Frameworks";
				PRODUCT_BUNDLE_IDENTIFIER = io.petsbook.appTests;
				PRODUCT_NAME = "$(TARGET_NAME)";
				SWIFT_OBJC_BRIDGING_HEADER = "app/appTests-Bridging-Header.h";
				TEST_HOST = "$(BUILT_PRODUCTS_DIR)/app.app/app";
			};
			name = Release;
		};
		23593D4D1CDF5824007686E9 /* Debug */ = {
			isa = XCBuildConfiguration;
			buildSettings = {
				CLANG_ENABLE_MODULES = YES;
				FRAMEWORK_SEARCH_PATHS = (
					"$(inherited)",
					"$(PROJECT_DIR)/app",
					"$(PROJECT_DIR)",
				);
				INFOPLIST_FILE = appUITests/Info.plist;
				LD_RUNPATH_SEARCH_PATHS = "$(inherited) @executable_path/Frameworks @loader_path/Frameworks";
				PRODUCT_BUNDLE_IDENTIFIER = io.petsbook.appUITests;
				PRODUCT_NAME = "$(TARGET_NAME)";
				SWIFT_OBJC_BRIDGING_HEADER = "app/appUITests-Bridging-Header.h";
				SWIFT_OPTIMIZATION_LEVEL = "-Onone";
				TEST_TARGET_NAME = app;
			};
			name = Debug;
		};
		23593D4E1CDF5824007686E9 /* Release */ = {
			isa = XCBuildConfiguration;
			buildSettings = {
				CLANG_ENABLE_MODULES = YES;
				FRAMEWORK_SEARCH_PATHS = (
					"$(inherited)",
					"$(PROJECT_DIR)/app",
					"$(PROJECT_DIR)",
				);
				INFOPLIST_FILE = appUITests/Info.plist;
				LD_RUNPATH_SEARCH_PATHS = "$(inherited) @executable_path/Frameworks @loader_path/Frameworks";
				PRODUCT_BUNDLE_IDENTIFIER = io.petsbook.appUITests;
				PRODUCT_NAME = "$(TARGET_NAME)";
				SWIFT_OBJC_BRIDGING_HEADER = "app/appUITests-Bridging-Header.h";
				TEST_TARGET_NAME = app;
			};
			name = Release;
		};
/* End XCBuildConfiguration section */

/* Begin XCConfigurationList section */
		23593D191CDF5824007686E9 /* Build configuration list for PBXProject "app" */ = {
			isa = XCConfigurationList;
			buildConfigurations = (
				23593D441CDF5824007686E9 /* Debug */,
				23593D451CDF5824007686E9 /* Release */,
			);
			defaultConfigurationIsVisible = 0;
			defaultConfigurationName = Release;
		};
		23593D461CDF5824007686E9 /* Build configuration list for PBXNativeTarget "app" */ = {
			isa = XCConfigurationList;
			buildConfigurations = (
				23593D471CDF5824007686E9 /* Debug */,
				23593D481CDF5824007686E9 /* Release */,
			);
			defaultConfigurationIsVisible = 0;
			defaultConfigurationName = Release;
		};
		23593D491CDF5824007686E9 /* Build configuration list for PBXNativeTarget "appTests" */ = {
			isa = XCConfigurationList;
			buildConfigurations = (
				23593D4A1CDF5824007686E9 /* Debug */,
				23593D4B1CDF5824007686E9 /* Release */,
			);
			defaultConfigurationIsVisible = 0;
			defaultConfigurationName = Release;
		};
		23593D4C1CDF5824007686E9 /* Build configuration list for PBXNativeTarget "appUITests" */ = {
			isa = XCConfigurationList;
			buildConfigurations = (
				23593D4D1CDF5824007686E9 /* Debug */,
				23593D4E1CDF5824007686E9 /* Release */,
			);
			defaultConfigurationIsVisible = 0;
			defaultConfigurationName = Release;
		};
/* End XCConfigurationList section */
	};
	rootObject = 23593D161CDF5824007686E9 /* Project object */;
}
