// !$*UTF8*$!
{
	archiveVersion = 1;
	classes = {
	};
	objectVersion = 46;
	objects = {

/* Begin PBXBuildFile section */
		23593D221CDF5824007686E9 /* AppDelegate.swift in Sources */ = {isa = PBXBuildFile; fileRef = 23593D211CDF5824007686E9 /* AppDelegate.swift */; };
		23593D241CDF5824007686E9 /* ViewController.swift in Sources */ = {isa = PBXBuildFile; fileRef = 23593D231CDF5824007686E9 /* ViewController.swift */; };
		23593D271CDF5824007686E9 /* Main.storyboard in Resources */ = {isa = PBXBuildFile; fileRef = 23593D251CDF5824007686E9 /* Main.storyboard */; };
		23593D291CDF5824007686E9 /* Assets.xcassets in Resources */ = {isa = PBXBuildFile; fileRef = 23593D281CDF5824007686E9 /* Assets.xcassets */; };
		23593D2C1CDF5824007686E9 /* LaunchScreen.storyboard in Resources */ = {isa = PBXBuildFile; fileRef = 23593D2A1CDF5824007686E9 /* LaunchScreen.storyboard */; };
		23593D371CDF5824007686E9 /* appTests.swift in Sources */ = {isa = PBXBuildFile; fileRef = 23593D361CDF5824007686E9 /* appTests.swift */; };
		23593D421CDF5824007686E9 /* appUITests.swift in Sources */ = {isa = PBXBuildFile; fileRef = 23593D411CDF5824007686E9 /* appUITests.swift */; };
		23593D521CDF58CC007686E9 /* Bolts.framework in Frameworks */ = {isa = PBXBuildFile; fileRef = 23593D501CDF58CC007686E9 /* Bolts.framework */; };
		23593D531CDF58CC007686E9 /* Bolts.framework in Frameworks */ = {isa = PBXBuildFile; fileRef = 23593D501CDF58CC007686E9 /* Bolts.framework */; };
		23593D541CDF58CC007686E9 /* Bolts.framework in Frameworks */ = {isa = PBXBuildFile; fileRef = 23593D501CDF58CC007686E9 /* Bolts.framework */; };
		23593D551CDF58CC007686E9 /* Parse.framework in Frameworks */ = {isa = PBXBuildFile; fileRef = 23593D511CDF58CC007686E9 /* Parse.framework */; };
		23593D561CDF58CC007686E9 /* Parse.framework in Frameworks */ = {isa = PBXBuildFile; fileRef = 23593D511CDF58CC007686E9 /* Parse.framework */; };
		23593D571CDF58CC007686E9 /* Parse.framework in Frameworks */ = {isa = PBXBuildFile; fileRef = 23593D511CDF58CC007686E9 /* Parse.framework */; };
		23593D5D1CDF5D07007686E9 /* Login.storyboard in Resources */ = {isa = PBXBuildFile; fileRef = 23593D5C1CDF5D07007686E9 /* Login.storyboard */; };
		23593D5E1CDF5D07007686E9 /* Login.storyboard in Resources */ = {isa = PBXBuildFile; fileRef = 23593D5C1CDF5D07007686E9 /* Login.storyboard */; };
		23593D5F1CDF5D07007686E9 /* Login.storyboard in Resources */ = {isa = PBXBuildFile; fileRef = 23593D5C1CDF5D07007686E9 /* Login.storyboard */; };
		23593D611CDF5D65007686E9 /* WellcomeViewController.swift in Sources */ = {isa = PBXBuildFile; fileRef = 23593D601CDF5D65007686E9 /* WellcomeViewController.swift */; };
		23593D621CDF5D65007686E9 /* WellcomeViewController.swift in Sources */ = {isa = PBXBuildFile; fileRef = 23593D601CDF5D65007686E9 /* WellcomeViewController.swift */; };
		23593D631CDF5D65007686E9 /* WellcomeViewController.swift in Sources */ = {isa = PBXBuildFile; fileRef = 23593D601CDF5D65007686E9 /* WellcomeViewController.swift */; };
		23593D681CDF9292007686E9 /* cat.mp4 in Resources */ = {isa = PBXBuildFile; fileRef = 23593D661CDF9292007686E9 /* cat.mp4 */; };
		23593D691CDF9292007686E9 /* cat.mp4 in Resources */ = {isa = PBXBuildFile; fileRef = 23593D661CDF9292007686E9 /* cat.mp4 */; };
		23593D6A1CDF9292007686E9 /* cat.mp4 in Resources */ = {isa = PBXBuildFile; fileRef = 23593D661CDF9292007686E9 /* cat.mp4 */; };
		23593D6B1CDF9292007686E9 /* dog.mp4 in Resources */ = {isa = PBXBuildFile; fileRef = 23593D671CDF9292007686E9 /* dog.mp4 */; };
		23593D6C1CDF9292007686E9 /* dog.mp4 in Resources */ = {isa = PBXBuildFile; fileRef = 23593D671CDF9292007686E9 /* dog.mp4 */; };
		23593D6D1CDF9292007686E9 /* dog.mp4 in Resources */ = {isa = PBXBuildFile; fileRef = 23593D671CDF9292007686E9 /* dog.mp4 */; };
		23593D731CDF9498007686E9 /* spotifyVideo.mp4 in Resources */ = {isa = PBXBuildFile; fileRef = 23593D721CDF9498007686E9 /* spotifyVideo.mp4 */; };
		23593D741CDF9498007686E9 /* spotifyVideo.mp4 in Resources */ = {isa = PBXBuildFile; fileRef = 23593D721CDF9498007686E9 /* spotifyVideo.mp4 */; };
		23593D751CDF9498007686E9 /* spotifyVideo.mp4 in Resources */ = {isa = PBXBuildFile; fileRef = 23593D721CDF9498007686E9 /* spotifyVideo.mp4 */; };
		237FD8C41CE0D67700C82E0E /* VideoBackgroundViewController.framework in Frameworks */ = {isa = PBXBuildFile; fileRef = 237FD8C31CE0D67700C82E0E /* VideoBackgroundViewController.framework */; };
		237FD8C51CE0D67700C82E0E /* VideoBackgroundViewController.framework in Frameworks */ = {isa = PBXBuildFile; fileRef = 237FD8C31CE0D67700C82E0E /* VideoBackgroundViewController.framework */; };
		237FD8C61CE0D67700C82E0E /* VideoBackgroundViewController.framework in Frameworks */ = {isa = PBXBuildFile; fileRef = 237FD8C31CE0D67700C82E0E /* VideoBackgroundViewController.framework */; };
		237FD8C81CE0E79300C82E0E /* MyLogInViewController.swift in Sources */ = {isa = PBXBuildFile; fileRef = 237FD8C71CE0E79300C82E0E /* MyLogInViewController.swift */; };
		237FD8CA1CE0E8BE00C82E0E /* MySignUpViewController.swift in Sources */ = {isa = PBXBuildFile; fileRef = 237FD8C91CE0E8BE00C82E0E /* MySignUpViewController.swift */; };
		CF928E36FC2CE357357EC585 /* Pods.framework in Frameworks */ = {isa = PBXBuildFile; fileRef = 15A27F94892E8E8BBA68131B /* Pods.framework */; settings = {ATTRIBUTES = (Weak, ); }; };
/* End PBXBuildFile section */

/* Begin PBXContainerItemProxy section */
		23593D331CDF5824007686E9 /* PBXContainerItemProxy */ = {
			isa = PBXContainerItemProxy;
			containerPortal = 23593D161CDF5824007686E9 /* Project object */;
			proxyType = 1;
			remoteGlobalIDString = 23593D1D1CDF5824007686E9;
			remoteInfo = app;
		};
		23593D3E1CDF5824007686E9 /* PBXContainerItemProxy */ = {
			isa = PBXContainerItemProxy;
			containerPortal = 23593D161CDF5824007686E9 /* Project object */;
			proxyType = 1;
			remoteGlobalIDString = 23593D1D1CDF5824007686E9;
			remoteInfo = app;
		};
/* End PBXContainerItemProxy section */

/* Begin PBXFileReference section */
		15A27F94892E8E8BBA68131B /* Pods.framework */ = {isa = PBXFileReference; explicitFileType = wrapper.framework; includeInIndex = 0; path = Pods.framework; sourceTree = BUILT_PRODUCTS_DIR; };
		23593D1E1CDF5824007686E9 /* app.app */ = {isa = PBXFileReference; explicitFileType = wrapper.application; includeInIndex = 0; path = app.app; sourceTree = BUILT_PRODUCTS_DIR; };
		23593D211CDF5824007686E9 /* AppDelegate.swift */ = {isa = PBXFileReference; lastKnownFileType = sourcecode.swift; path = AppDelegate.swift; sourceTree = "<group>"; };
		23593D231CDF5824007686E9 /* ViewController.swift */ = {isa = PBXFileReference; lastKnownFileType = sourcecode.swift; path = ViewController.swift; sourceTree = "<group>"; };
		23593D261CDF5824007686E9 /* Base */ = {isa = PBXFileReference; lastKnownFileType = file.storyboard; name = Base; path = Base.lproj/Main.storyboard; sourceTree = "<group>"; };
		23593D281CDF5824007686E9 /* Assets.xcassets */ = {isa = PBXFileReference; lastKnownFileType = folder.assetcatalog; path = Assets.xcassets; sourceTree = "<group>"; };
		23593D2B1CDF5824007686E9 /* Base */ = {isa = PBXFileReference; lastKnownFileType = file.storyboard; name = Base; path = Base.lproj/LaunchScreen.storyboard; sourceTree = "<group>"; };
		23593D2D1CDF5824007686E9 /* Info.plist */ = {isa = PBXFileReference; lastKnownFileType = text.plist.xml; path = Info.plist; sourceTree = "<group>"; };
		23593D321CDF5824007686E9 /* appTests.xctest */ = {isa = PBXFileReference; explicitFileType = wrapper.cfbundle; includeInIndex = 0; path = appTests.xctest; sourceTree = BUILT_PRODUCTS_DIR; };
		23593D361CDF5824007686E9 /* appTests.swift */ = {isa = PBXFileReference; lastKnownFileType = sourcecode.swift; path = appTests.swift; sourceTree = "<group>"; };
		23593D381CDF5824007686E9 /* Info.plist */ = {isa = PBXFileReference; lastKnownFileType = text.plist.xml; path = Info.plist; sourceTree = "<group>"; };
		23593D3D1CDF5824007686E9 /* appUITests.xctest */ = {isa = PBXFileReference; explicitFileType = wrapper.cfbundle; includeInIndex = 0; path = appUITests.xctest; sourceTree = BUILT_PRODUCTS_DIR; };
		23593D411CDF5824007686E9 /* appUITests.swift */ = {isa = PBXFileReference; lastKnownFileType = sourcecode.swift; path = appUITests.swift; sourceTree = "<group>"; };
		23593D431CDF5824007686E9 /* Info.plist */ = {isa = PBXFileReference; lastKnownFileType = text.plist.xml; path = Info.plist; sourceTree = "<group>"; };
		23593D501CDF58CC007686E9 /* Bolts.framework */ = {isa = PBXFileReference; lastKnownFileType = wrapper.framework; path = Bolts.framework; sourceTree = "<group>"; };
		23593D511CDF58CC007686E9 /* Parse.framework */ = {isa = PBXFileReference; lastKnownFileType = wrapper.framework; path = Parse.framework; sourceTree = "<group>"; };
		23593D5C1CDF5D07007686E9 /* Login.storyboard */ = {isa = PBXFileReference; fileEncoding = 4; lastKnownFileType = file.storyboard; name = Login.storyboard; path = Storyboard/Login.storyboard; sourceTree = "<group>"; };
		23593D601CDF5D65007686E9 /* WellcomeViewController.swift */ = {isa = PBXFileReference; fileEncoding = 4; lastKnownFileType = sourcecode.swift; name = WellcomeViewController.swift; path = ViewController/WellcomeViewController.swift; sourceTree = "<group>"; };
		23593D661CDF9292007686E9 /* cat.mp4 */ = {isa = PBXFileReference; lastKnownFileType = file; path = cat.mp4; sourceTree = "<group>"; };
		23593D671CDF9292007686E9 /* dog.mp4 */ = {isa = PBXFileReference; lastKnownFileType = file; path = dog.mp4; sourceTree = "<group>"; };
		23593D721CDF9498007686E9 /* spotifyVideo.mp4 */ = {isa = PBXFileReference; lastKnownFileType = file; path = spotifyVideo.mp4; sourceTree = "<group>"; };
		237FD8C31CE0D67700C82E0E /* VideoBackgroundViewController.framework */ = {isa = PBXFileReference; lastKnownFileType = wrapper.framework; path = VideoBackgroundViewController.framework; sourceTree = "<group>"; };
		237FD8C71CE0E79300C82E0E /* MyLogInViewController.swift */ = {isa = PBXFileReference; fileEncoding = 4; lastKnownFileType = sourcecode.swift; path = MyLogInViewController.swift; sourceTree = "<group>"; };
		237FD8C91CE0E8BE00C82E0E /* MySignUpViewController.swift */ = {isa = PBXFileReference; fileEncoding = 4; lastKnownFileType = sourcecode.swift; path = MySignUpViewController.swift; sourceTree = "<group>"; };
		91166CE726EADF5D3AA25B48 /* Pods.debug.xcconfig */ = {isa = PBXFileReference; includeInIndex = 1; lastKnownFileType = text.xcconfig; name = Pods.debug.xcconfig; path = "Pods/Target Support Files/Pods/Pods.debug.xcconfig"; sourceTree = "<group>"; };
		E6929070EFC9D528410237F3 /* Pods.release.xcconfig */ = {isa = PBXFileReference; includeInIndex = 1; lastKnownFileType = text.xcconfig; name = Pods.release.xcconfig; path = "Pods/Target Support Files/Pods/Pods.release.xcconfig"; sourceTree = "<group>"; };
/* End PBXFileReference section */

/* Begin PBXFrameworksBuildPhase section */
		23593D1B1CDF5824007686E9 /* Frameworks */ = {
			isa = PBXFrameworksBuildPhase;
			buildActionMask = 2147483647;
			files = (
				23593D551CDF58CC007686E9 /* Parse.framework in Frameworks */,
				237FD8C41CE0D67700C82E0E /* VideoBackgroundViewController.framework in Frameworks */,
				23593D521CDF58CC007686E9 /* Bolts.framework in Frameworks */,
				CF928E36FC2CE357357EC585 /* Pods.framework in Frameworks */,
			);
			runOnlyForDeploymentPostprocessing = 0;
		};
		23593D2F1CDF5824007686E9 /* Frameworks */ = {
			isa = PBXFrameworksBuildPhase;
			buildActionMask = 2147483647;
			files = (
				23593D561CDF58CC007686E9 /* Parse.framework in Frameworks */,
				237FD8C51CE0D67700C82E0E /* VideoBackgroundViewController.framework in Frameworks */,
				23593D531CDF58CC007686E9 /* Bolts.framework in Frameworks */,
			);
			runOnlyForDeploymentPostprocessing = 0;
		};
		23593D3A1CDF5824007686E9 /* Frameworks */ = {
			isa = PBXFrameworksBuildPhase;
			buildActionMask = 2147483647;
			files = (
				23593D571CDF58CC007686E9 /* Parse.framework in Frameworks */,
				237FD8C61CE0D67700C82E0E /* VideoBackgroundViewController.framework in Frameworks */,
				23593D541CDF58CC007686E9 /* Bolts.framework in Frameworks */,
			);
			runOnlyForDeploymentPostprocessing = 0;
		};
/* End PBXFrameworksBuildPhase section */

/* Begin PBXGroup section */
		23593D151CDF5824007686E9 = {
			isa = PBXGroup;
			children = (
				23593D201CDF5824007686E9 /* app */,
				23593D351CDF5824007686E9 /* appTests */,
				23593D401CDF5824007686E9 /* appUITests */,
				23593D1F1CDF5824007686E9 /* Products */,
				89BF0A5E7EA9CBE91DBFFF9E /* Pods */,
				AE47E351F062652BA65A96B9 /* Frameworks */,
			);
			sourceTree = "<group>";
		};
		23593D1F1CDF5824007686E9 /* Products */ = {
			isa = PBXGroup;
			children = (
				23593D1E1CDF5824007686E9 /* app.app */,
				23593D321CDF5824007686E9 /* appTests.xctest */,
				23593D3D1CDF5824007686E9 /* appUITests.xctest */,
			);
			name = Products;
			sourceTree = "<group>";
		};
		23593D201CDF5824007686E9 /* app */ = {
			isa = PBXGroup;
			children = (
				23593D211CDF5824007686E9 /* AppDelegate.swift */,
				23593D231CDF5824007686E9 /* ViewController.swift */,
				23593D601CDF5D65007686E9 /* WellcomeViewController.swift */,
				237FD8C71CE0E79300C82E0E /* MyLogInViewController.swift */,
				237FD8C91CE0E8BE00C82E0E /* MySignUpViewController.swift */,
				23593D251CDF5824007686E9 /* Main.storyboard */,
				23593D5C1CDF5D07007686E9 /* Login.storyboard */,
				23593D281CDF5824007686E9 /* Assets.xcassets */,
				23593D2A1CDF5824007686E9 /* LaunchScreen.storyboard */,
				23593D2D1CDF5824007686E9 /* Info.plist */,
				23593D661CDF9292007686E9 /* cat.mp4 */,
				23593D721CDF9498007686E9 /* spotifyVideo.mp4 */,
				23593D671CDF9292007686E9 /* dog.mp4 */,
				23593D4F1CDF58BC007686E9 /* framework */,
			);
			path = app;
			sourceTree = "<group>";
		};
		23593D351CDF5824007686E9 /* appTests */ = {
			isa = PBXGroup;
			children = (
				23593D361CDF5824007686E9 /* appTests.swift */,
				23593D381CDF5824007686E9 /* Info.plist */,
			);
			path = appTests;
			sourceTree = "<group>";
		};
		23593D401CDF5824007686E9 /* appUITests */ = {
			isa = PBXGroup;
			children = (
				23593D411CDF5824007686E9 /* appUITests.swift */,
				23593D431CDF5824007686E9 /* Info.plist */,
			);
			path = appUITests;
			sourceTree = "<group>";
		};
		23593D4F1CDF58BC007686E9 /* framework */ = {
			isa = PBXGroup;
			children = (
				23593D501CDF58CC007686E9 /* Bolts.framework */,
				23593D511CDF58CC007686E9 /* Parse.framework */,
			);
			name = framework;
			sourceTree = "<group>";
		};
		89BF0A5E7EA9CBE91DBFFF9E /* Pods */ = {
			isa = PBXGroup;
			children = (
				91166CE726EADF5D3AA25B48 /* Pods.debug.xcconfig */,
				E6929070EFC9D528410237F3 /* Pods.release.xcconfig */,
			);
			name = Pods;
			sourceTree = "<group>";
		};
		AE47E351F062652BA65A96B9 /* Frameworks */ = {
			isa = PBXGroup;
			children = (
				237FD8C31CE0D67700C82E0E /* VideoBackgroundViewController.framework */,
				15A27F94892E8E8BBA68131B /* Pods.framework */,
			);
			name = Frameworks;
			sourceTree = "<group>";
		};
/* End PBXGroup section */

/* Begin PBXNativeTarget section */
		23593D1D1CDF5824007686E9 /* app */ = {
			isa = PBXNativeTarget;
			buildConfigurationList = 23593D461CDF5824007686E9 /* Build configuration list for PBXNativeTarget "app" */;
			buildPhases = (
				38A2D19F1123540707914579 /* Check Pods Manifest.lock */,
				23593D1A1CDF5824007686E9 /* Sources */,
				23593D1B1CDF5824007686E9 /* Frameworks */,
				23593D1C1CDF5824007686E9 /* Resources */,
				12E462797B99C6C37DC4F9F2 /* Embed Pods Frameworks */,
				CE80BB2373B967473E1224FA /* Copy Pods Resources */,
			);
			buildRules = (
			);
			dependencies = (
			);
			name = app;
			productName = app;
			productReference = 23593D1E1CDF5824007686E9 /* app.app */;
			productType = "com.apple.product-type.application";
		};
		23593D311CDF5824007686E9 /* appTests */ = {
			isa = PBXNativeTarget;
			buildConfigurationList = 23593D491CDF5824007686E9 /* Build configuration list for PBXNativeTarget "appTests" */;
			buildPhases = (
				23593D2E1CDF5824007686E9 /* Sources */,
				23593D2F1CDF5824007686E9 /* Frameworks */,
				23593D301CDF5824007686E9 /* Resources */,
			);
			buildRules = (
			);
			dependencies = (
				23593D341CDF5824007686E9 /* PBXTargetDependency */,
			);
			name = appTests;
			productName = appTests;
			productReference = 23593D321CDF5824007686E9 /* appTests.xctest */;
			productType = "com.apple.product-type.bundle.unit-test";
		};
		23593D3C1CDF5824007686E9 /* appUITests */ = {
			isa = PBXNativeTarget;
			buildConfigurationList = 23593D4C1CDF5824007686E9 /* Build configuration list for PBXNativeTarget "appUITests" */;
			buildPhases = (
				23593D391CDF5824007686E9 /* Sources */,
				23593D3A1CDF5824007686E9 /* Frameworks */,
				23593D3B1CDF5824007686E9 /* Resources */,
			);
			buildRules = (
			);
			dependencies = (
				23593D3F1CDF5824007686E9 /* PBXTargetDependency */,
			);
			name = appUITests;
			productName = appUITests;
			productReference = 23593D3D1CDF5824007686E9 /* appUITests.xctest */;
			productType = "com.apple.product-type.bundle.ui-testing";
		};
/* End PBXNativeTarget section */

/* Begin PBXProject section */
		23593D161CDF5824007686E9 /* Project object */ = {
			isa = PBXProject;
			attributes = {
				LastSwiftUpdateCheck = 0730;
				LastUpgradeCheck = 0730;
				ORGANIZATIONNAME = "駿逸 陳";
				TargetAttributes = {
					23593D1D1CDF5824007686E9 = {
						CreatedOnToolsVersion = 7.3.1;
						DevelopmentTeam = 8LJ7V3WEL3;
					};
					23593D311CDF5824007686E9 = {
						CreatedOnToolsVersion = 7.3.1;
						TestTargetID = 23593D1D1CDF5824007686E9;
					};
					23593D3C1CDF5824007686E9 = {
						CreatedOnToolsVersion = 7.3.1;
						TestTargetID = 23593D1D1CDF5824007686E9;
					};
				};
			};
			buildConfigurationList = 23593D191CDF5824007686E9 /* Build configuration list for PBXProject "app" */;
			compatibilityVersion = "Xcode 3.2";
			developmentRegion = English;
			hasScannedForEncodings = 0;
			knownRegions = (
				en,
				Base,
			);
			mainGroup = 23593D151CDF5824007686E9;
			productRefGroup = 23593D1F1CDF5824007686E9 /* Products */;
			projectDirPath = "";
			projectRoot = "";
			targets = (
				23593D1D1CDF5824007686E9 /* app */,
				23593D311CDF5824007686E9 /* appTests */,
				23593D3C1CDF5824007686E9 /* appUITests */,
			);
		};
/* End PBXProject section */

/* Begin PBXResourcesBuildPhase section */
		23593D1C1CDF5824007686E9 /* Resources */ = {
			isa = PBXResourcesBuildPhase;
			buildActionMask = 2147483647;
			files = (
				23593D6B1CDF9292007686E9 /* dog.mp4 in Resources */,
				23593D5D1CDF5D07007686E9 /* Login.storyboard in Resources */,
				23593D2C1CDF5824007686E9 /* LaunchScreen.storyboard in Resources */,
				23593D731CDF9498007686E9 /* spotifyVideo.mp4 in Resources */,
				23593D291CDF5824007686E9 /* Assets.xcassets in Resources */,
				23593D271CDF5824007686E9 /* Main.storyboard in Resources */,
				23593D681CDF9292007686E9 /* cat.mp4 in Resources */,
			);
			runOnlyForDeploymentPostprocessing = 0;
		};
		23593D301CDF5824007686E9 /* Resources */ = {
			isa = PBXResourcesBuildPhase;
			buildActionMask = 2147483647;
			files = (
				23593D6C1CDF9292007686E9 /* dog.mp4 in Resources */,
				23593D691CDF9292007686E9 /* cat.mp4 in Resources */,
				23593D5E1CDF5D07007686E9 /* Login.storyboard in Resources */,
				23593D741CDF9498007686E9 /* spotifyVideo.mp4 in Resources */,
			);
			runOnlyForDeploymentPostprocessing = 0;
		};
		23593D3B1CDF5824007686E9 /* Resources */ = {
			isa = PBXResourcesBuildPhase;
			buildActionMask = 2147483647;
			files = (
				23593D6D1CDF9292007686E9 /* dog.mp4 in Resources */,
				23593D6A1CDF9292007686E9 /* cat.mp4 in Resources */,
				23593D5F1CDF5D07007686E9 /* Login.storyboard in Resources */,
				23593D751CDF9498007686E9 /* spotifyVideo.mp4 in Resources */,
			);
			runOnlyForDeploymentPostprocessing = 0;
		};
/* End PBXResourcesBuildPhase section */

/* Begin PBXShellScriptBuildPhase section */
		12E462797B99C6C37DC4F9F2 /* Embed Pods Frameworks */ = {
			isa = PBXShellScriptBuildPhase;
			buildActionMask = 2147483647;
			files = (
			);
			inputPaths = (
			);
			name = "Embed Pods Frameworks";
			outputPaths = (
			);
			runOnlyForDeploymentPostprocessing = 0;
			shellPath = /bin/sh;
			shellScript = "\"${SRCROOT}/Pods/Target Support Files/Pods/Pods-frameworks.sh\"\n";
			showEnvVarsInLog = 0;
		};
		38A2D19F1123540707914579 /* Check Pods Manifest.lock */ = {
			isa = PBXShellScriptBuildPhase;
			buildActionMask = 2147483647;
			files = (
			);
			inputPaths = (
			);
			name = "Check Pods Manifest.lock";
			outputPaths = (
			);
			runOnlyForDeploymentPostprocessing = 0;
			shellPath = /bin/sh;
			shellScript = "diff \"${PODS_ROOT}/../Podfile.lock\" \"${PODS_ROOT}/Manifest.lock\" > /dev/null\nif [[ $? != 0 ]] ; then\n    cat << EOM\nerror: The sandbox is not in sync with the Podfile.lock. Run 'pod install' or update your CocoaPods installation.\nEOM\n    exit 1\nfi\n";
			showEnvVarsInLog = 0;
		};
		CE80BB2373B967473E1224FA /* Copy Pods Resources */ = {
			isa = PBXShellScriptBuildPhase;
			buildActionMask = 2147483647;
			files = (
			);
			inputPaths = (
			);
			name = "Copy Pods Resources";
			outputPaths = (
			);
			runOnlyForDeploymentPostprocessing = 0;
			shellPath = /bin/sh;
			shellScript = "\"${SRCROOT}/Pods/Target Support Files/Pods/Pods-resources.sh\"\n";
			showEnvVarsInLog = 0;
		};
/* End PBXShellScriptBuildPhase section */

/* Begin PBXSourcesBuildPhase section */
		23593D1A1CDF5824007686E9 /* Sources */ = {
			isa = PBXSourcesBuildPhase;
			buildActionMask = 2147483647;
			files = (
				237FD8C81CE0E79300C82E0E /* MyLogInViewController.swift in Sources */,
				237FD8CA1CE0E8BE00C82E0E /* MySignUpViewController.swift in Sources */,
				23593D241CDF5824007686E9 /* ViewController.swift in Sources */,
				23593D611CDF5D65007686E9 /* WellcomeViewController.swift in Sources */,
				23593D221CDF5824007686E9 /* AppDelegate.swift in Sources */,
			);
			runOnlyForDeploymentPostprocessing = 0;
		};
		23593D2E1CDF5824007686E9 /* Sources */ = {
			isa = PBXSourcesBuildPhase;
			buildActionMask = 2147483647;
			files = (
				23593D621CDF5D65007686E9 /* WellcomeViewController.swift in Sources */,
				23593D371CDF5824007686E9 /* appTests.swift in Sources */,
			);
			runOnlyForDeploymentPostprocessing = 0;
		};
		23593D391CDF5824007686E9 /* Sources */ = {
			isa = PBXSourcesBuildPhase;
			buildActionMask = 2147483647;
			files = (
				23593D631CDF5D65007686E9 /* WellcomeViewController.swift in Sources */,
				23593D421CDF5824007686E9 /* appUITests.swift in Sources */,
			);
			runOnlyForDeploymentPostprocessing = 0;
		};
/* End PBXSourcesBuildPhase section */

/* Begin PBXTargetDependency section */
		23593D341CDF5824007686E9 /* PBXTargetDependency */ = {
			isa = PBXTargetDependency;
			target = 23593D1D1CDF5824007686E9 /* app */;
			targetProxy = 23593D331CDF5824007686E9 /* PBXContainerItemProxy */;
		};
		23593D3F1CDF5824007686E9 /* PBXTargetDependency */ = {
			isa = PBXTargetDependency;
			target = 23593D1D1CDF5824007686E9 /* app */;
			targetProxy = 23593D3E1CDF5824007686E9 /* PBXContainerItemProxy */;
		};
/* End PBXTargetDependency section */

/* Begin PBXVariantGroup section */
		23593D251CDF5824007686E9 /* Main.storyboard */ = {
			isa = PBXVariantGroup;
			children = (
				23593D261CDF5824007686E9 /* Base */,
			);
			name = Main.storyboard;
			sourceTree = "<group>";
		};
		23593D2A1CDF5824007686E9 /* LaunchScreen.storyboard */ = {
			isa = PBXVariantGroup;
			children = (
				23593D2B1CDF5824007686E9 /* Base */,
			);
			name = LaunchScreen.storyboard;
			sourceTree = "<group>";
		};
/* End PBXVariantGroup section */

/* Begin XCBuildConfiguration section */
		23593D441CDF5824007686E9 /* Debug */ = {
			isa = XCBuildConfiguration;
			buildSettings = {
				ALWAYS_SEARCH_USER_PATHS = NO;
				CLANG_ANALYZER_NONNULL = YES;
				CLANG_CXX_LANGUAGE_STANDARD = "gnu++0x";
				CLANG_CXX_LIBRARY = "libc++";
				CLANG_ENABLE_MODULES = YES;
				CLANG_ENABLE_OBJC_ARC = YES;
				CLANG_WARN_BOOL_CONVERSION = YES;
				CLANG_WARN_CONSTANT_CONVERSION = YES;
				CLANG_WARN_DIRECT_OBJC_ISA_USAGE = YES_ERROR;
				CLANG_WARN_EMPTY_BODY = YES;
				CLANG_WARN_ENUM_CONVERSION = YES;
				CLANG_WARN_INT_CONVERSION = YES;
				CLANG_WARN_OBJC_ROOT_CLASS = YES_ERROR;
				CLANG_WARN_UNREACHABLE_CODE = YES;
				CLANG_WARN__DUPLICATE_METHOD_MATCH = YES;
				"CODE_SIGN_IDENTITY[sdk=iphoneos*]" = "iPhone Developer";
				COPY_PHASE_STRIP = NO;
				DEBUG_INFORMATION_FORMAT = dwarf;
				ENABLE_STRICT_OBJC_MSGSEND = YES;
				ENABLE_TESTABILITY = YES;
				GCC_C_LANGUAGE_STANDARD = gnu99;
				GCC_DYNAMIC_NO_PIC = NO;
				GCC_NO_COMMON_BLOCKS = YES;
				GCC_OPTIMIZATION_LEVEL = 0;
				GCC_PREPROCESSOR_DEFINITIONS = (
					"DEBUG=1",
					"$(inherited)",
				);
				GCC_WARN_64_TO_32_BIT_CONVERSION = YES;
				GCC_WARN_ABOUT_RETURN_TYPE = YES_ERROR;
				GCC_WARN_UNDECLARED_SELECTOR = YES;
				GCC_WARN_UNINITIALIZED_AUTOS = YES_AGGRESSIVE;
				GCC_WARN_UNUSED_FUNCTION = YES;
				GCC_WARN_UNUSED_VARIABLE = YES;
				IPHONEOS_DEPLOYMENT_TARGET = 9.3;
				MTL_ENABLE_DEBUG_INFO = YES;
				ONLY_ACTIVE_ARCH = YES;
				SDKROOT = iphoneos;
				SWIFT_OPTIMIZATION_LEVEL = "-Onone";
			};
			name = Debug;
		};
		23593D451CDF5824007686E9 /* Release */ = {
			isa = XCBuildConfiguration;
			buildSettings = {
				ALWAYS_SEARCH_USER_PATHS = NO;
				CLANG_ANALYZER_NONNULL = YES;
				CLANG_CXX_LANGUAGE_STANDARD = "gnu++0x";
				CLANG_CXX_LIBRARY = "libc++";
				CLANG_ENABLE_MODULES = YES;
				CLANG_ENABLE_OBJC_ARC = YES;
				CLANG_WARN_BOOL_CONVERSION = YES;
				CLANG_WARN_CONSTANT_CONVERSION = YES;
				CLANG_WARN_DIRECT_OBJC_ISA_USAGE = YES_ERROR;
				CLANG_WARN_EMPTY_BODY = YES;
				CLANG_WARN_ENUM_CONVERSION = YES;
				CLANG_WARN_INT_CONVERSION = YES;
				CLANG_WARN_OBJC_ROOT_CLASS = YES_ERROR;
				CLANG_WARN_UNREACHABLE_CODE = YES;
				CLANG_WARN__DUPLICATE_METHOD_MATCH = YES;
				"CODE_SIGN_IDENTITY[sdk=iphoneos*]" = "iPhone Developer";
				COPY_PHASE_STRIP = NO;
				DEBUG_INFORMATION_FORMAT = "dwarf-with-dsym";
				ENABLE_NS_ASSERTIONS = NO;
				ENABLE_STRICT_OBJC_MSGSEND = YES;
				GCC_C_LANGUAGE_STANDARD = gnu99;
				GCC_NO_COMMON_BLOCKS = YES;
				GCC_WARN_64_TO_32_BIT_CONVERSION = YES;
				GCC_WARN_ABOUT_RETURN_TYPE = YES_ERROR;
				GCC_WARN_UNDECLARED_SELECTOR = YES;
				GCC_WARN_UNINITIALIZED_AUTOS = YES_AGGRESSIVE;
				GCC_WARN_UNUSED_FUNCTION = YES;
				GCC_WARN_UNUSED_VARIABLE = YES;
				IPHONEOS_DEPLOYMENT_TARGET = 9.3;
				MTL_ENABLE_DEBUG_INFO = NO;
				SDKROOT = iphoneos;
				VALIDATE_PRODUCT = YES;
			};
			name = Release;
		};
		23593D471CDF5824007686E9 /* Debug */ = {
			isa = XCBuildConfiguration;
			baseConfigurationReference = 91166CE726EADF5D3AA25B48 /* Pods.debug.xcconfig */;
			buildSettings = {
				ASSETCATALOG_COMPILER_APPICON_NAME = AppIcon;
				CODE_SIGN_IDENTITY = "iPhone Developer";
				ENABLE_BITCODE = NO;
				FRAMEWORK_SEARCH_PATHS = (
					"$(inherited)",
					"$(PROJECT_DIR)/app",
					"$(PROJECT_DIR)",
				);
				INFOPLIST_FILE = app/Info.plist;
				LD_RUNPATH_SEARCH_PATHS = "$(inherited) @executable_path/Frameworks";
				PRODUCT_BUNDLE_IDENTIFIER = io.petsbook.app;
				PRODUCT_NAME = "$(TARGET_NAME)";
			};
			name = Debug;
		};
		23593D481CDF5824007686E9 /* Release */ = {
			isa = XCBuildConfiguration;
			baseConfigurationReference = E6929070EFC9D528410237F3 /* Pods.release.xcconfig */;
			buildSettings = {
				ASSETCATALOG_COMPILER_APPICON_NAME = AppIcon;
				CODE_SIGN_IDENTITY = "iPhone Developer";
				ENABLE_BITCODE = NO;
				FRAMEWORK_SEARCH_PATHS = (
					"$(inherited)",
					"$(PROJECT_DIR)/app",
					"$(PROJECT_DIR)",
				);
				INFOPLIST_FILE = app/Info.plist;
				LD_RUNPATH_SEARCH_PATHS = "$(inherited) @executable_path/Frameworks";
				PRODUCT_BUNDLE_IDENTIFIER = io.petsbook.app;
				PRODUCT_NAME = "$(TARGET_NAME)";
			};
			name = Release;
		};
		23593D4A1CDF5824007686E9 /* Debug */ = {
			isa = XCBuildConfiguration;
			buildSettings = {
				BUNDLE_LOADER = "$(TEST_HOST)";
				FRAMEWORK_SEARCH_PATHS = (
					"$(inherited)",
					"$(PROJECT_DIR)/app",
					"$(PROJECT_DIR)",
				);
				INFOPLIST_FILE = appTests/Info.plist;
				LD_RUNPATH_SEARCH_PATHS = "$(inherited) @executable_path/Frameworks @loader_path/Frameworks";
				PRODUCT_BUNDLE_IDENTIFIER = io.petsbook.appTests;
				PRODUCT_NAME = "$(TARGET_NAME)";
				TEST_HOST = "$(BUILT_PRODUCTS_DIR)/app.app/app";
			};
			name = Debug;
		};
		23593D4B1CDF5824007686E9 /* Release */ = {
			isa = XCBuildConfiguration;
			buildSettings = {
				BUNDLE_LOADER = "$(TEST_HOST)";
				FRAMEWORK_SEARCH_PATHS = (
					"$(inherited)",
					"$(PROJECT_DIR)/app",
					"$(PROJECT_DIR)",
				);
				INFOPLIST_FILE = appTests/Info.plist;
				LD_RUNPATH_SEARCH_PATHS = "$(inherited) @executable_path/Frameworks @loader_path/Frameworks";
				PRODUCT_BUNDLE_IDENTIFIER = io.petsbook.appTests;
				PRODUCT_NAME = "$(TARGET_NAME)";
				TEST_HOST = "$(BUILT_PRODUCTS_DIR)/app.app/app";
			};
			name = Release;
		};
		23593D4D1CDF5824007686E9 /* Debug */ = {
			isa = XCBuildConfiguration;
			buildSettings = {
				FRAMEWORK_SEARCH_PATHS = (
					"$(inherited)",
					"$(PROJECT_DIR)/app",
					"$(PROJECT_DIR)",
				);
				INFOPLIST_FILE = appUITests/Info.plist;
				LD_RUNPATH_SEARCH_PATHS = "$(inherited) @executable_path/Frameworks @loader_path/Frameworks";
				PRODUCT_BUNDLE_IDENTIFIER = io.petsbook.appUITests;
				PRODUCT_NAME = "$(TARGET_NAME)";
				TEST_TARGET_NAME = app;
			};
			name = Debug;
		};
		23593D4E1CDF5824007686E9 /* Release */ = {
			isa = XCBuildConfiguration;
			buildSettings = {
				FRAMEWORK_SEARCH_PATHS = (
					"$(inherited)",
					"$(PROJECT_DIR)/app",
					"$(PROJECT_DIR)",
				);
				INFOPLIST_FILE = appUITests/Info.plist;
				LD_RUNPATH_SEARCH_PATHS = "$(inherited) @executable_path/Frameworks @loader_path/Frameworks";
				PRODUCT_BUNDLE_IDENTIFIER = io.petsbook.appUITests;
				PRODUCT_NAME = "$(TARGET_NAME)";
				TEST_TARGET_NAME = app;
			};
			name = Release;
		};
/* End XCBuildConfiguration section */

/* Begin XCConfigurationList section */
		23593D191CDF5824007686E9 /* Build configuration list for PBXProject "app" */ = {
			isa = XCConfigurationList;
			buildConfigurations = (
				23593D441CDF5824007686E9 /* Debug */,
				23593D451CDF5824007686E9 /* Release */,
			);
			defaultConfigurationIsVisible = 0;
			defaultConfigurationName = Release;
		};
		23593D461CDF5824007686E9 /* Build configuration list for PBXNativeTarget "app" */ = {
			isa = XCConfigurationList;
			buildConfigurations = (
				23593D471CDF5824007686E9 /* Debug */,
				23593D481CDF5824007686E9 /* Release */,
			);
			defaultConfigurationIsVisible = 0;
			defaultConfigurationName = Release;
		};
		23593D491CDF5824007686E9 /* Build configuration list for PBXNativeTarget "appTests" */ = {
			isa = XCConfigurationList;
			buildConfigurations = (
				23593D4A1CDF5824007686E9 /* Debug */,
				23593D4B1CDF5824007686E9 /* Release */,
			);
			defaultConfigurationIsVisible = 0;
			defaultConfigurationName = Release;
		};
		23593D4C1CDF5824007686E9 /* Build configuration list for PBXNativeTarget "appUITests" */ = {
			isa = XCConfigurationList;
			buildConfigurations = (
				23593D4D1CDF5824007686E9 /* Debug */,
				23593D4E1CDF5824007686E9 /* Release */,
			);
			defaultConfigurationIsVisible = 0;
			defaultConfigurationName = Release;
		};
/* End XCConfigurationList section */
	};
	rootObject = 23593D161CDF5824007686E9 /* Project object */;
}
